// !$*UTF8*$!
{
	archiveVersion = 1;
	classes = {
	};
	objectVersion = 56;
	objects = {

/* Begin PBXBuildFile section */
		A10000010000000000000001 /* MangaTranslatorApp.swift in Sources */ = {isa = PBXBuildFile; fileRef = A20000010000000000000001; };
		A10000010000000000000002 /* ContentView.swift in Sources */ = {isa = PBXBuildFile; fileRef = A20000010000000000000002; };
		A10000010000000000000003 /* SettingsView.swift in Sources */ = {isa = PBXBuildFile; fileRef = A20000010000000000000003; };
		A10000010000000000000004 /* Assets.xcassets in Resources */ = {isa = PBXBuildFile; fileRef = A20000010000000000000004; };
		A10000010000000000000005 /* Models.swift in Sources */ = {isa = PBXBuildFile; fileRef = A20000010000000000000020; };
		A10000010000000000000006 /* VisionOCRService.swift in Sources */ = {isa = PBXBuildFile; fileRef = A20000010000000000000030; };
		A10000010000000000000007 /* BubbleDetector.swift in Sources */ = {isa = PBXBuildFile; fileRef = A20000010000000000000031; };
		A10000010000000000000008 /* ReadingOrderSorter.swift in Sources */ = {isa = PBXBuildFile; fileRef = A20000010000000000000032; };
		A10000010000000000000009 /* LLMPrompt.swift in Sources */ = {isa = PBXBuildFile; fileRef = A20000010000000000000033; };
		A10000010000000000000010 /* TranslationError.swift in Sources */ = {isa = PBXBuildFile; fileRef = A20000010000000000000034; };
		A10000010000000000000011 /* DeepLTranslationService.swift in Sources */ = {isa = PBXBuildFile; fileRef = A20000010000000000000035; };
		A10000010000000000000012 /* GoogleTranslationService.swift in Sources */ = {isa = PBXBuildFile; fileRef = A20000010000000000000036; };
		A10000010000000000000013 /* OpenAITranslationService.swift in Sources */ = {isa = PBXBuildFile; fileRef = A20000010000000000000037; };
		A10000010000000000000014 /* ClaudeTranslationService.swift in Sources */ = {isa = PBXBuildFile; fileRef = A20000010000000000000038; };
		A10000010000000000000015 /* CacheService.swift in Sources */ = {isa = PBXBuildFile; fileRef = A20000010000000000000039; };
		A10000010000000000000016 /* KeychainService.swift in Sources */ = {isa = PBXBuildFile; fileRef = A20000010000000000000040; };
		A10000010000000000000017 /* PreferencesService.swift in Sources */ = {isa = PBXBuildFile; fileRef = A20000010000000000000041; };
		A10000010000000000000018 /* FileInputService.swift in Sources */ = {isa = PBXBuildFile; fileRef = A20000010000000000000042; };
		A10000010000000000000019 /* TranslationViewModel.swift in Sources */ = {isa = PBXBuildFile; fileRef = A20000010000000000000050; };
		A10000010000000000000020 /* ImageViewer.swift in Sources */ = {isa = PBXBuildFile; fileRef = A20000010000000000000060; };
		A10000010000000000000021 /* TranslationSidebar.swift in Sources */ = {isa = PBXBuildFile; fileRef = A20000010000000000000061; };
		C10000010000000000000003 /* onnxruntime in Frameworks */ = {isa = PBXBuildFile; productRef = C10000010000000000000001 /* onnxruntime */; };
		D10000010000000000000001 /* ComicTextDetectorService.swift in Sources */ = {isa = PBXBuildFile; fileRef = D20000010000000000000001; };
		D10000010000000000000002 /* MangaOCRTokenizer.swift in Sources */ = {isa = PBXBuildFile; fileRef = D20000010000000000000002; };
		D10000010000000000000003 /* MangaOCRRecognizer.swift in Sources */ = {isa = PBXBuildFile; fileRef = D20000010000000000000003; };
		D10000010000000000000004 /* MangaOCRService.swift in Sources */ = {isa = PBXBuildFile; fileRef = D20000010000000000000004; };
		D10000010000000000000005 /* OCRRouter.swift in Sources */ = {isa = PBXBuildFile; fileRef = D20000010000000000000005; };
		D10000010000000000000010 /* comic-text-detector.onnx in Resources */ = {isa = PBXBuildFile; fileRef = D20000010000000000000010; };
		D10000010000000000000011 /* encoder_model.onnx in Resources */ = {isa = PBXBuildFile; fileRef = D20000010000000000000011; };
		D10000010000000000000012 /* decoder_model.onnx in Resources */ = {isa = PBXBuildFile; fileRef = D20000010000000000000012; };
		D10000010000000000000013 /* vocab.txt in Resources */ = {isa = PBXBuildFile; fileRef = D20000010000000000000013; };
		D10000010000000000000014 /* preprocessor_config.json in Resources */ = {isa = PBXBuildFile; fileRef = D20000010000000000000014; };
		D10000010000000000000015 /* generation_config.json in Resources */ = {isa = PBXBuildFile; fileRef = D20000010000000000000015; };
		D10000010000000000000016 /* tokenizer.json in Resources */ = {isa = PBXBuildFile; fileRef = D20000010000000000000016; };
		D10000010000000000000017 /* config.json in Resources */ = {isa = PBXBuildFile; fileRef = D20000010000000000000017; };
		D10000010000000000000018 /* special_tokens_map.json in Resources */ = {isa = PBXBuildFile; fileRef = D20000010000000000000018; };
/* End PBXBuildFile section */

/* Begin PBXFileReference section */
		A20000010000000000000001 /* MangaTranslatorApp.swift */ = {isa = PBXFileReference; lastKnownFileType = sourcecode.swift; path = MangaTranslatorApp.swift; sourceTree = "<group>"; };
		A20000010000000000000002 /* ContentView.swift */ = {isa = PBXFileReference; lastKnownFileType = sourcecode.swift; path = ContentView.swift; sourceTree = "<group>"; };
		A20000010000000000000003 /* SettingsView.swift */ = {isa = PBXFileReference; lastKnownFileType = sourcecode.swift; path = SettingsView.swift; sourceTree = "<group>"; };
		A20000010000000000000004 /* Assets.xcassets */ = {isa = PBXFileReference; lastKnownFileType = folder.assetcatalog; path = Assets.xcassets; sourceTree = "<group>"; };
		A20000010000000000000005 /* MangaTranslator.entitlements */ = {isa = PBXFileReference; lastKnownFileType = text.plist.entitlements; path = MangaTranslator.entitlements; sourceTree = "<group>"; };
		A20000010000000000000010 /* MangaTranslator.app */ = {isa = PBXFileReference; explicitFileType = wrapper.application; includeInIndex = 0; path = MangaTranslator.app; sourceTree = BUILT_PRODUCTS_DIR; };
		A20000010000000000000020 /* Models.swift */ = {isa = PBXFileReference; lastKnownFileType = sourcecode.swift; path = Models.swift; sourceTree = "<group>"; };
		A20000010000000000000030 /* VisionOCRService.swift */ = {isa = PBXFileReference; lastKnownFileType = sourcecode.swift; path = VisionOCRService.swift; sourceTree = "<group>"; };
		A20000010000000000000031 /* BubbleDetector.swift */ = {isa = PBXFileReference; lastKnownFileType = sourcecode.swift; path = BubbleDetector.swift; sourceTree = "<group>"; };
		A20000010000000000000032 /* ReadingOrderSorter.swift */ = {isa = PBXFileReference; lastKnownFileType = sourcecode.swift; path = ReadingOrderSorter.swift; sourceTree = "<group>"; };
		A20000010000000000000033 /* LLMPrompt.swift */ = {isa = PBXFileReference; lastKnownFileType = sourcecode.swift; path = LLMPrompt.swift; sourceTree = "<group>"; };
		A20000010000000000000034 /* TranslationError.swift */ = {isa = PBXFileReference; lastKnownFileType = sourcecode.swift; path = TranslationError.swift; sourceTree = "<group>"; };
		A20000010000000000000035 /* DeepLTranslationService.swift */ = {isa = PBXFileReference; lastKnownFileType = sourcecode.swift; path = DeepLTranslationService.swift; sourceTree = "<group>"; };
		A20000010000000000000036 /* GoogleTranslationService.swift */ = {isa = PBXFileReference; lastKnownFileType = sourcecode.swift; path = GoogleTranslationService.swift; sourceTree = "<group>"; };
		A20000010000000000000037 /* OpenAITranslationService.swift */ = {isa = PBXFileReference; lastKnownFileType = sourcecode.swift; path = OpenAITranslationService.swift; sourceTree = "<group>"; };
		A20000010000000000000038 /* ClaudeTranslationService.swift */ = {isa = PBXFileReference; lastKnownFileType = sourcecode.swift; path = ClaudeTranslationService.swift; sourceTree = "<group>"; };
		A20000010000000000000039 /* CacheService.swift */ = {isa = PBXFileReference; lastKnownFileType = sourcecode.swift; path = CacheService.swift; sourceTree = "<group>"; };
		A20000010000000000000040 /* KeychainService.swift */ = {isa = PBXFileReference; lastKnownFileType = sourcecode.swift; path = KeychainService.swift; sourceTree = "<group>"; };
		A20000010000000000000041 /* PreferencesService.swift */ = {isa = PBXFileReference; lastKnownFileType = sourcecode.swift; path = PreferencesService.swift; sourceTree = "<group>"; };
		A20000010000000000000042 /* FileInputService.swift */ = {isa = PBXFileReference; lastKnownFileType = sourcecode.swift; path = FileInputService.swift; sourceTree = "<group>"; };
		A20000010000000000000050 /* TranslationViewModel.swift */ = {isa = PBXFileReference; lastKnownFileType = sourcecode.swift; path = TranslationViewModel.swift; sourceTree = "<group>"; };
		A20000010000000000000060 /* ImageViewer.swift */ = {isa = PBXFileReference; lastKnownFileType = sourcecode.swift; path = ImageViewer.swift; sourceTree = "<group>"; };
		A20000010000000000000061 /* TranslationSidebar.swift */ = {isa = PBXFileReference; lastKnownFileType = sourcecode.swift; path = TranslationSidebar.swift; sourceTree = "<group>"; };
		D20000010000000000000001 /* ComicTextDetectorService.swift */ = {isa = PBXFileReference; lastKnownFileType = sourcecode.swift; path = ComicTextDetectorService.swift; sourceTree = "<group>"; };
		D20000010000000000000002 /* MangaOCRTokenizer.swift */ = {isa = PBXFileReference; lastKnownFileType = sourcecode.swift; path = MangaOCRTokenizer.swift; sourceTree = "<group>"; };
		D20000010000000000000003 /* MangaOCRRecognizer.swift */ = {isa = PBXFileReference; lastKnownFileType = sourcecode.swift; path = MangaOCRRecognizer.swift; sourceTree = "<group>"; };
		D20000010000000000000004 /* MangaOCRService.swift */ = {isa = PBXFileReference; lastKnownFileType = sourcecode.swift; path = MangaOCRService.swift; sourceTree = "<group>"; };
		D20000010000000000000005 /* OCRRouter.swift */ = {isa = PBXFileReference; lastKnownFileType = sourcecode.swift; path = OCRRouter.swift; sourceTree = "<group>"; };
		D20000010000000000000010 /* comic-text-detector.onnx */ = {isa = PBXFileReference; lastKnownFileType = file; path = "comic-text-detector.onnx"; sourceTree = "<group>"; };
		D20000010000000000000011 /* encoder_model.onnx */ = {isa = PBXFileReference; lastKnownFileType = file; path = encoder_model.onnx; sourceTree = "<group>"; };
		D20000010000000000000012 /* decoder_model.onnx */ = {isa = PBXFileReference; lastKnownFileType = file; path = decoder_model.onnx; sourceTree = "<group>"; };
		D20000010000000000000013 /* vocab.txt */ = {isa = PBXFileReference; lastKnownFileType = text; path = vocab.txt; sourceTree = "<group>"; };
		D20000010000000000000014 /* preprocessor_config.json */ = {isa = PBXFileReference; lastKnownFileType = text.json; path = preprocessor_config.json; sourceTree = "<group>"; };
		D20000010000000000000015 /* generation_config.json */ = {isa = PBXFileReference; lastKnownFileType = text.json; path = generation_config.json; sourceTree = "<group>"; };
		D20000010000000000000016 /* tokenizer.json */ = {isa = PBXFileReference; lastKnownFileType = text.json; path = tokenizer.json; sourceTree = "<group>"; };
		D20000010000000000000017 /* config.json */ = {isa = PBXFileReference; lastKnownFileType = text.json; path = config.json; sourceTree = "<group>"; };
		D20000010000000000000018 /* special_tokens_map.json */ = {isa = PBXFileReference; lastKnownFileType = text.json; path = special_tokens_map.json; sourceTree = "<group>"; };
/* End PBXFileReference section */

/* Begin PBXFrameworksBuildPhase section */
		A30000010000000000000001 /* Frameworks */ = {
			isa = PBXFrameworksBuildPhase;
			buildActionMask = 2147483647;
			files = (
				C10000010000000000000003 /* onnxruntime in Frameworks */,
			);
			runOnlyForDeploymentPostprocessing = 0;
		};
/* End PBXFrameworksBuildPhase section */

/* Begin PBXGroup section */
		A40000010000000000000001 = {
			isa = PBXGroup;
			children = (
				A40000010000000000000002 /* MangaTranslator */,
				A40000010000000000000009 /* Products */,
			);
			sourceTree = "<group>";
		};
		A40000010000000000000002 /* MangaTranslator */ = {
			isa = PBXGroup;
			children = (
				A20000010000000000000001 /* MangaTranslatorApp.swift */,
				A20000010000000000000005 /* MangaTranslator.entitlements */,
				A20000010000000000000004 /* Assets.xcassets */,
				A40000010000000000000003 /* Views */,
				A40000010000000000000004 /* Models */,
				A40000010000000000000005 /* ViewModels */,
				A40000010000000000000006 /* Services */,
				D40000010000000000000001 /* Resources */,
			);
			path = MangaTranslator;
			sourceTree = "<group>";
		};
		A40000010000000000000003 /* Views */ = {
			isa = PBXGroup;
			children = (
				A20000010000000000000002 /* ContentView.swift */,
				A20000010000000000000003 /* SettingsView.swift */,
				A20000010000000000000060 /* ImageViewer.swift */,
				A20000010000000000000061 /* TranslationSidebar.swift */,
			);
			path = Views;
			sourceTree = "<group>";
		};
		A40000010000000000000004 /* Models */ = {
			isa = PBXGroup;
			children = (
				A20000010000000000000020 /* Models.swift */,
			);
			path = Models;
			sourceTree = "<group>";
		};
		A40000010000000000000005 /* ViewModels */ = {
			isa = PBXGroup;
			children = (
				A20000010000000000000050 /* TranslationViewModel.swift */,
			);
			path = ViewModels;
			sourceTree = "<group>";
		};
		A40000010000000000000006 /* Services */ = {
			isa = PBXGroup;
			children = (
				A20000010000000000000030 /* VisionOCRService.swift */,
				A20000010000000000000031 /* BubbleDetector.swift */,
				A20000010000000000000032 /* ReadingOrderSorter.swift */,
				A20000010000000000000033 /* LLMPrompt.swift */,
				A20000010000000000000034 /* TranslationError.swift */,
				A20000010000000000000035 /* DeepLTranslationService.swift */,
				A20000010000000000000036 /* GoogleTranslationService.swift */,
				A20000010000000000000037 /* OpenAITranslationService.swift */,
				A20000010000000000000038 /* ClaudeTranslationService.swift */,
				A20000010000000000000039 /* CacheService.swift */,
				A20000010000000000000040 /* KeychainService.swift */,
				A20000010000000000000041 /* PreferencesService.swift */,
				A20000010000000000000042 /* FileInputService.swift */,
				D20000010000000000000001 /* ComicTextDetectorService.swift */,
				D20000010000000000000002 /* MangaOCRTokenizer.swift */,
				D20000010000000000000003 /* MangaOCRRecognizer.swift */,
				D20000010000000000000004 /* MangaOCRService.swift */,
				D20000010000000000000005 /* OCRRouter.swift */,
			);
			path = Services;
			sourceTree = "<group>";
		};
		D40000010000000000000001 /* Resources */ = {
			isa = PBXGroup;
			children = (
				D40000010000000000000002 /* Models */,
			);
			path = Resources;
			sourceTree = "<group>";
		};
		D40000010000000000000002 /* Models */ = {
			isa = PBXGroup;
			children = (
				D20000010000000000000010 /* comic-text-detector.onnx */,
				D20000010000000000000011 /* encoder_model.onnx */,
				D20000010000000000000012 /* decoder_model.onnx */,
				D20000010000000000000013 /* vocab.txt */,
				D20000010000000000000014 /* preprocessor_config.json */,
				D20000010000000000000015 /* generation_config.json */,
				D20000010000000000000016 /* tokenizer.json */,
				D20000010000000000000017 /* config.json */,
				D20000010000000000000018 /* special_tokens_map.json */,
			);
			path = Models;
			sourceTree = "<group>";
		};
		A40000010000000000000009 /* Products */ = {
			isa = PBXGroup;
			children = (
				A20000010000000000000010 /* MangaTranslator.app */,
			);
			name = Products;
			sourceTree = "<group>";
		};
/* End PBXGroup section */

/* Begin PBXNativeTarget section */
		A50000010000000000000001 /* MangaTranslator */ = {
			isa = PBXNativeTarget;
			buildConfigurationList = A70000010000000000000003 /* Build configuration list for PBXNativeTarget "MangaTranslator" */;
			buildPhases = (
				A60000010000000000000001 /* Sources */,
				A30000010000000000000001 /* Frameworks */,
				A80000010000000000000001 /* Resources */,
			);
			buildRules = (
			);
			dependencies = (
			);
			name = MangaTranslator;
			packageProductDependencies = (
				C10000010000000000000001 /* onnxruntime */,
			);
			productName = MangaTranslator;
			productReference = A20000010000000000000010 /* MangaTranslator.app */;
			productType = "com.apple.product-type.application";
		};
/* End PBXNativeTarget section */

/* Begin PBXProject section */
		A90000010000000000000001 /* Project object */ = {
			isa = PBXProject;
			attributes = {
				BuildIndependentTargetsInParallel = 1;
				LastSwiftUpdateCheck = 1500;
				LastUpgradeCheck = 1500;
				TargetAttributes = {
					A50000010000000000000001 = {
						CreatedOnToolsVersion = 15.0;
					};
				};
			};
			buildConfigurationList = A70000010000000000000001 /* Build configuration list for PBXProject "MangaTranslator" */;
			compatibilityVersion = "Xcode 14.0";
			developmentRegion = en;
			hasScannedForEncodings = 0;
			knownRegions = (
				en,
				Base,
			);
			mainGroup = A40000010000000000000001;
			productRefGroup = A40000010000000000000009 /* Products */;
			projectDirPath = "";
			packageReferences = (
				C10000010000000000000002 /* XCRemoteSwiftPackageReference "onnxruntime-swift-package-manager" */,
			);
			projectRoot = "";
			targets = (
				A50000010000000000000001 /* MangaTranslator */,
			);
		};
/* End PBXProject section */

/* Begin PBXResourcesBuildPhase section */
		A80000010000000000000001 /* Resources */ = {
			isa = PBXResourcesBuildPhase;
			buildActionMask = 2147483647;
			files = (
				A10000010000000000000004 /* Assets.xcassets in Resources */,
				D10000010000000000000010 /* comic-text-detector.onnx in Resources */,
				D10000010000000000000011 /* encoder_model.onnx in Resources */,
				D10000010000000000000012 /* decoder_model.onnx in Resources */,
				D10000010000000000000013 /* vocab.txt in Resources */,
				D10000010000000000000014 /* preprocessor_config.json in Resources */,
				D10000010000000000000015 /* generation_config.json in Resources */,
				D10000010000000000000016 /* tokenizer.json in Resources */,
				D10000010000000000000017 /* config.json in Resources */,
				D10000010000000000000018 /* special_tokens_map.json in Resources */,
			);
			runOnlyForDeploymentPostprocessing = 0;
		};
/* End PBXResourcesBuildPhase section */

/* Begin PBXSourcesBuildPhase section */
		A60000010000000000000001 /* Sources */ = {
			isa = PBXSourcesBuildPhase;
			buildActionMask = 2147483647;
			files = (
				A10000010000000000000001 /* MangaTranslatorApp.swift in Sources */,
				A10000010000000000000002 /* ContentView.swift in Sources */,
				A10000010000000000000003 /* SettingsView.swift in Sources */,
				A10000010000000000000005 /* Models.swift in Sources */,
				A10000010000000000000006 /* VisionOCRService.swift in Sources */,
				A10000010000000000000007 /* BubbleDetector.swift in Sources */,
				A10000010000000000000008 /* ReadingOrderSorter.swift in Sources */,
				A10000010000000000000009 /* LLMPrompt.swift in Sources */,
				A10000010000000000000010 /* TranslationError.swift in Sources */,
				A10000010000000000000011 /* DeepLTranslationService.swift in Sources */,
				A10000010000000000000012 /* GoogleTranslationService.swift in Sources */,
				A10000010000000000000013 /* OpenAITranslationService.swift in Sources */,
				A10000010000000000000014 /* ClaudeTranslationService.swift in Sources */,
				A10000010000000000000015 /* CacheService.swift in Sources */,
				A10000010000000000000016 /* KeychainService.swift in Sources */,
				A10000010000000000000017 /* PreferencesService.swift in Sources */,
				A10000010000000000000018 /* FileInputService.swift in Sources */,
				A10000010000000000000019 /* TranslationViewModel.swift in Sources */,
				A10000010000000000000020 /* ImageViewer.swift in Sources */,
				A10000010000000000000021 /* TranslationSidebar.swift in Sources */,
				D10000010000000000000001 /* ComicTextDetectorService.swift in Sources */,
				D10000010000000000000002 /* MangaOCRTokenizer.swift in Sources */,
				D10000010000000000000003 /* MangaOCRRecognizer.swift in Sources */,
				D10000010000000000000004 /* MangaOCRService.swift in Sources */,
				D10000010000000000000005 /* OCRRouter.swift in Sources */,
			);
			runOnlyForDeploymentPostprocessing = 0;
		};
/* End PBXSourcesBuildPhase section */

/* Begin XCBuildConfiguration section */
		B10000010000000000000001 /* Debug */ = {
			isa = XCBuildConfiguration;
			buildSettings = {
				ALWAYS_SEARCH_USER_PATHS = NO;
				ASSETCATALOG_COMPILER_GENERATE_SWIFT_ASSET_SYMBOL_EXTENSIONS = YES;
				CLANG_ANALYZER_NONNULL = YES;
				CLANG_ANALYZER_NUMBER_OBJECT_CONVERSION = YES_AGGRESSIVE;
				CLANG_CXX_LANGUAGE_STANDARD = "gnu++20";
				CLANG_ENABLE_MODULES = YES;
				CLANG_ENABLE_OBJC_ARC = YES;
				CLANG_ENABLE_OBJC_WEAK = YES;
				CLANG_WARN_BLOCK_CAPTURE_AUTORELEASING = YES;
				CLANG_WARN_BOOL_CONVERSION = YES;
				CLANG_WARN_COMMA = YES;
				CLANG_WARN_CONSTANT_CONVERSION = YES;
				CLANG_WARN_DEPRECATED_OBJC_IMPLEMENTATIONS = YES;
				CLANG_WARN_DIRECT_OBJC_ISA_USAGE = YES_ERROR;
				CLANG_WARN_DOCUMENTATION_COMMENTS = YES;
				CLANG_WARN_EMPTY_BODY = YES;
				CLANG_WARN_ENUM_CONVERSION = YES;
				CLANG_WARN_INFINITE_RECURSION = YES;
				CLANG_WARN_INT_CONVERSION = YES;
				CLANG_WARN_NON_LITERAL_NULL_CONVERSION = YES;
				CLANG_WARN_OBJC_IMPLICIT_RETAIN_SELF = YES;
				CLANG_WARN_OBJC_LITERAL_CONVERSION = YES;
				CLANG_WARN_OBJC_ROOT_CLASS = YES_ERROR;
				CLANG_WARN_QUOTED_INCLUDE_IN_FRAMEWORK_HEADER = YES;
				CLANG_WARN_RANGE_LOOP_ANALYSIS = YES;
				CLANG_WARN_STRICT_PROTOTYPES = YES;
				CLANG_WARN_SUSPICIOUS_MOVE = YES;
				CLANG_WARN_UNGUARDED_AVAILABILITY = YES_AGGRESSIVE;
				CLANG_WARN_UNREACHABLE_CODE = YES;
				CLANG_WARN__DUPLICATE_METHOD_MATCH = YES;
				COPY_PHASE_STRIP = NO;
				DEBUG_INFORMATION_FORMAT = dwarf;
				ENABLE_STRICT_OBJC_MSGSEND = YES;
				ENABLE_TESTABILITY = YES;
				ENABLE_USER_SCRIPT_SANDBOXING = YES;
				GCC_C_LANGUAGE_STANDARD = gnu17;
				GCC_DYNAMIC_NO_PIC = NO;
				GCC_NO_COMMON_BLOCKS = YES;
				GCC_OPTIMIZATION_LEVEL = 0;
				GCC_PREPROCESSOR_DEFINITIONS = (
					"DEBUG=1",
					"$(inherited)",
				);
				GCC_WARN_64_TO_32_BIT_CONVERSION = YES;
				GCC_WARN_ABOUT_RETURN_TYPE = YES_ERROR;
				GCC_WARN_UNDECLARED_SELECTOR = YES;
				GCC_WARN_UNINITIALIZED_AUTOS = YES_AGGRESSIVE;
				GCC_WARN_UNUSED_FUNCTION = YES;
				GCC_WARN_UNUSED_VARIABLE = YES;
				MACOSX_DEPLOYMENT_TARGET = 13.0;
				MTL_ENABLE_DEBUG_INFO = INCLUDE_SOURCE;
				MTL_FAST_MATH = YES;
				ONLY_ACTIVE_ARCH = YES;
				SDKROOT = macosx;
				SWIFT_ACTIVE_COMPILATION_CONDITIONS = "DEBUG $(inherited)";
				SWIFT_OPTIMIZATION_LEVEL = "-Onone";
			};
			name = Debug;
		};
		B10000010000000000000002 /* Release */ = {
			isa = XCBuildConfiguration;
			buildSettings = {
				ALWAYS_SEARCH_USER_PATHS = NO;
				ASSETCATALOG_COMPILER_GENERATE_SWIFT_ASSET_SYMBOL_EXTENSIONS = YES;
				CLANG_ANALYZER_NONNULL = YES;
				CLANG_ANALYZER_NUMBER_OBJECT_CONVERSION = YES_AGGRESSIVE;
				CLANG_CXX_LANGUAGE_STANDARD = "gnu++20";
				CLANG_ENABLE_MODULES = YES;
				CLANG_ENABLE_OBJC_ARC = YES;
				CLANG_ENABLE_OBJC_WEAK = YES;
				CLANG_WARN_BLOCK_CAPTURE_AUTORELEASING = YES;
				CLANG_WARN_BOOL_CONVERSION = YES;
				CLANG_WARN_COMMA = YES;
				CLANG_WARN_CONSTANT_CONVERSION = YES;
				CLANG_WARN_DEPRECATED_OBJC_IMPLEMENTATIONS = YES;
				CLANG_WARN_DIRECT_OBJC_ISA_USAGE = YES_ERROR;
				CLANG_WARN_DOCUMENTATION_COMMENTS = YES;
				CLANG_WARN_EMPTY_BODY = YES;
				CLANG_WARN_ENUM_CONVERSION = YES;
				CLANG_WARN_INFINITE_RECURSION = YES;
				CLANG_WARN_INT_CONVERSION = YES;
				CLANG_WARN_NON_LITERAL_NULL_CONVERSION = YES;
				CLANG_WARN_OBJC_IMPLICIT_RETAIN_SELF = YES;
				CLANG_WARN_OBJC_LITERAL_CONVERSION = YES;
				CLANG_WARN_OBJC_ROOT_CLASS = YES_ERROR;
				CLANG_WARN_QUOTED_INCLUDE_IN_FRAMEWORK_HEADER = YES;
				CLANG_WARN_RANGE_LOOP_ANALYSIS = YES;
				CLANG_WARN_STRICT_PROTOTYPES = YES;
				CLANG_WARN_SUSPICIOUS_MOVE = YES;
				CLANG_WARN_UNGUARDED_AVAILABILITY = YES_AGGRESSIVE;
				CLANG_WARN_UNREACHABLE_CODE = YES;
				CLANG_WARN__DUPLICATE_METHOD_MATCH = YES;
				COPY_PHASE_STRIP = NO;
				DEBUG_INFORMATION_FORMAT = "dwarf-with-dsym";
				ENABLE_NS_ASSERTIONS = NO;
				ENABLE_STRICT_OBJC_MSGSEND = YES;
				ENABLE_USER_SCRIPT_SANDBOXING = YES;
				GCC_C_LANGUAGE_STANDARD = gnu17;
				GCC_NO_COMMON_BLOCKS = YES;
				GCC_WARN_64_TO_32_BIT_CONVERSION = YES;
				GCC_WARN_ABOUT_RETURN_TYPE = YES_ERROR;
				GCC_WARN_UNDECLARED_SELECTOR = YES;
				GCC_WARN_UNINITIALIZED_AUTOS = YES_AGGRESSIVE;
				GCC_WARN_UNUSED_FUNCTION = YES;
				GCC_WARN_UNUSED_VARIABLE = YES;
				MACOSX_DEPLOYMENT_TARGET = 13.0;
				MTL_ENABLE_DEBUG_INFO = NO;
				MTL_FAST_MATH = YES;
				SDKROOT = macosx;
				SWIFT_COMPILATION_MODE = wholemodule;
			};
			name = Release;
		};
		B10000010000000000000003 /* Debug */ = {
			isa = XCBuildConfiguration;
			buildSettings = {
				ASSETCATALOG_COMPILER_APPICON_NAME = AppIcon;
				ASSETCATALOG_COMPILER_GLOBAL_ACCENT_COLOR_NAME = AccentColor;
				CODE_SIGN_ENTITLEMENTS = MangaTranslator/MangaTranslator.entitlements;
				CODE_SIGN_STYLE = Automatic;
				COMBINE_HIDPI_IMAGES = YES;
				CURRENT_PROJECT_VERSION = 1;
				DEVELOPMENT_TEAM = "";
				ENABLE_HARDENED_RUNTIME = YES;
				GENERATE_INFOPLIST_FILE = YES;
				INFOPLIST_KEY_LSApplicationCategoryType = "public.app-category.utilities";
				INFOPLIST_KEY_NSHumanReadableCopyright = "";
				LD_RUNPATH_SEARCH_PATHS = (
					"$(inherited)",
					"@executable_path/../Frameworks",
				);
				MARKETING_VERSION = 1.0;
				PRODUCT_BUNDLE_IDENTIFIER = com.chunweiliu.MangaTranslator;
				PRODUCT_NAME = "$(TARGET_NAME)";
				SWIFT_EMIT_LOC_STRINGS = YES;
				SWIFT_VERSION = 5.0;
			};
			name = Debug;
		};
		B10000010000000000000004 /* Release */ = {
			isa = XCBuildConfiguration;
			buildSettings = {
				ASSETCATALOG_COMPILER_APPICON_NAME = AppIcon;
				ASSETCATALOG_COMPILER_GLOBAL_ACCENT_COLOR_NAME = AccentColor;
				CODE_SIGN_ENTITLEMENTS = MangaTranslator/MangaTranslator.entitlements;
				CODE_SIGN_STYLE = Automatic;
				COMBINE_HIDPI_IMAGES = YES;
				CURRENT_PROJECT_VERSION = 1;
				DEVELOPMENT_TEAM = "";
				ENABLE_HARDENED_RUNTIME = YES;
				GENERATE_INFOPLIST_FILE = YES;
				INFOPLIST_KEY_LSApplicationCategoryType = "public.app-category.utilities";
				INFOPLIST_KEY_NSHumanReadableCopyright = "";
				LD_RUNPATH_SEARCH_PATHS = (
					"$(inherited)",
					"@executable_path/../Frameworks",
				);
				MARKETING_VERSION = 1.0;
				PRODUCT_BUNDLE_IDENTIFIER = com.chunweiliu.MangaTranslator;
				PRODUCT_NAME = "$(TARGET_NAME)";
				SWIFT_EMIT_LOC_STRINGS = YES;
				SWIFT_VERSION = 5.0;
			};
			name = Release;
		};
/* End XCBuildConfiguration section */

/* Begin XCConfigurationList section */
		A70000010000000000000001 /* Build configuration list for PBXProject "MangaTranslator" */ = {
			isa = XCConfigurationList;
			buildConfigurations = (
				B10000010000000000000001 /* Debug */,
				B10000010000000000000002 /* Release */,
			);
			defaultConfigurationIsVisible = 0;
			defaultConfigurationName = Release;
		};
		A70000010000000000000003 /* Build configuration list for PBXNativeTarget "MangaTranslator" */ = {
			isa = XCConfigurationList;
			buildConfigurations = (
				B10000010000000000000003 /* Debug */,
				B10000010000000000000004 /* Release */,
			);
			defaultConfigurationIsVisible = 0;
			defaultConfigurationName = Release;
		};
/* End XCConfigurationList section */

/* Begin XCRemoteSwiftPackageReference section */
		C10000010000000000000002 /* XCRemoteSwiftPackageReference "onnxruntime-swift-package-manager" */ = {
			isa = XCRemoteSwiftPackageReference;
			repositoryURL = "https://github.com/microsoft/onnxruntime-swift-package-manager";
			requirement = {
				kind = exactVersion;
				version = "1.20.0";
			};
		};
/* End XCRemoteSwiftPackageReference section */

/* Begin XCSwiftPackageProductDependency section */
		C10000010000000000000001 /* onnxruntime */ = {
			isa = XCSwiftPackageProductDependency;
			package = C10000010000000000000002 /* XCRemoteSwiftPackageReference "onnxruntime-swift-package-manager" */;
			productName = onnxruntime;
		};
/* End XCSwiftPackageProductDependency section */

	};
	rootObject = A90000010000000000000001 /* Project object */;
}
