// !$*UTF8*$!
{
	archiveVersion = 1;
	classes = {
	};
	objectVersion = 56;
	objects = {

/* Begin PBXBuildFile section */
		A10000010000000000000001 /* MangaTranslatorApp.swift in Sources */ = {isa = PBXBuildFile; fileRef = A20000010000000000000001 /* MangaTranslatorApp.swift */; };
		A10000010000000000000002 /* ContentView.swift in Sources */ = {isa = PBXBuildFile; fileRef = A20000010000000000000002 /* ContentView.swift */; };
		A10000010000000000000003 /* SettingsView.swift in Sources */ = {isa = PBXBuildFile; fileRef = A20000010000000000000003 /* SettingsView.swift */; };
		A10000010000000000000004 /* Assets.xcassets in Resources */ = {isa = PBXBuildFile; fileRef = A20000010000000000000004 /* Assets.xcassets */; };
		A10000010000000000000005 /* Models.swift in Sources */ = {isa = PBXBuildFile; fileRef = A20000010000000000000020 /* Models.swift */; };
		A10000010000000000000006 /* VisionOCRService.swift in Sources */ = {isa = PBXBuildFile; fileRef = A20000010000000000000030 /* VisionOCRService.swift */; };
		A10000010000000000000007 /* BubbleDetector.swift in Sources */ = {isa = PBXBuildFile; fileRef = A20000010000000000000031 /* BubbleDetector.swift */; };
		A10000010000000000000008 /* ReadingOrderSorter.swift in Sources */ = {isa = PBXBuildFile; fileRef = A20000010000000000000032 /* ReadingOrderSorter.swift */; };
		A10000010000000000000009 /* LLMPrompt.swift in Sources */ = {isa = PBXBuildFile; fileRef = A20000010000000000000033 /* LLMPrompt.swift */; };
		A10000010000000000000010 /* TranslationError.swift in Sources */ = {isa = PBXBuildFile; fileRef = A20000010000000000000034 /* TranslationError.swift */; };
		A10000010000000000000011 /* DeepLTranslationService.swift in Sources */ = {isa = PBXBuildFile; fileRef = A20000010000000000000035 /* DeepLTranslationService.swift */; };
		A10000010000000000000012 /* GoogleTranslationService.swift in Sources */ = {isa = PBXBuildFile; fileRef = A20000010000000000000036 /* GoogleTranslationService.swift */; };
		A10000010000000000000013 /* OpenAITranslationService.swift in Sources */ = {isa = PBXBuildFile; fileRef = A20000010000000000000037 /* OpenAITranslationService.swift */; };
		A10000010000000000000015 /* CacheService.swift in Sources */ = {isa = PBXBuildFile; fileRef = A20000010000000000000039 /* CacheService.swift */; };
		A10000010000000000000016 /* KeychainService.swift in Sources */ = {isa = PBXBuildFile; fileRef = A20000010000000000000040 /* KeychainService.swift */; };
		A10000010000000000000017 /* PreferencesService.swift in Sources */ = {isa = PBXBuildFile; fileRef = A20000010000000000000041 /* PreferencesService.swift */; };
		A10000010000000000000018 /* FileInputService.swift in Sources */ = {isa = PBXBuildFile; fileRef = A20000010000000000000042 /* FileInputService.swift */; };
		A10000010000000000000019 /* TranslationViewModel.swift in Sources */ = {isa = PBXBuildFile; fileRef = A20000010000000000000050 /* TranslationViewModel.swift */; };
		A10000010000000000000020 /* ImageViewer.swift in Sources */ = {isa = PBXBuildFile; fileRef = A20000010000000000000060 /* ImageViewer.swift */; };
		A10000010000000000000021 /* TranslationSidebar.swift in Sources */ = {isa = PBXBuildFile; fileRef = A20000010000000000000061 /* TranslationSidebar.swift */; };
		A10000010000000000000022 /* GlossaryService.swift in Sources */ = {isa = PBXBuildFile; fileRef = A20000010000000000000062 /* GlossaryService.swift */; };
		A10000010000000000000023 /* GlossaryView.swift in Sources */ = {isa = PBXBuildFile; fileRef = A20000010000000000000063 /* GlossaryView.swift */; };
		A10000010000000000000024 /* GlossarySubstitution.swift in Sources */ = {isa = PBXBuildFile; fileRef = A20000010000000000000064 /* GlossarySubstitution.swift */; };
		BK10000010000000000000001 /* IoUCalculator.swift in Sources */ = {isa = PBXBuildFile; fileRef = BK20000010000000000000002 /* IoUCalculator.swift */; };
		BK10000010000000000000002 /* ImageScanner.swift in Sources */ = {isa = PBXBuildFile; fileRef = BK20000010000000000000003 /* ImageScanner.swift */; };
		BK10000010000000000000003 /* BenchmarkReporter.swift in Sources */ = {isa = PBXBuildFile; fileRef = BK20000010000000000000004 /* BenchmarkReporter.swift */; };
		BK10000010000000000000004 /* IoUCalculatorTests.swift in Sources */ = {isa = PBXBuildFile; fileRef = BK20000010000000000000005 /* IoUCalculatorTests.swift */; };
		BK10000010000000000000005 /* BenchmarkReporterTests.swift in Sources */ = {isa = PBXBuildFile; fileRef = BK20000010000000000000006 /* BenchmarkReporterTests.swift */; };
		BK10000010000000000000006 /* ImageScannerTests.swift in Sources */ = {isa = PBXBuildFile; fileRef = BK20000010000000000000007 /* ImageScannerTests.swift */; };
		BK10000010000000000000007 /* OCRBenchmarkTests.swift in Sources */ = {isa = PBXBuildFile; fileRef = BK20000010000000000000008 /* OCRBenchmarkTests.swift */; };
		C10000010000000000000003 /* onnxruntime in Frameworks */ = {isa = PBXBuildFile; productRef = C10000010000000000000001 /* onnxruntime */; };
		D10000010000000000000001 /* ComicTextDetectorService.swift in Sources */ = {isa = PBXBuildFile; fileRef = D20000010000000000000001 /* ComicTextDetectorService.swift */; };
		D10000010000000000000002 /* MangaOCRTokenizer.swift in Sources */ = {isa = PBXBuildFile; fileRef = D20000010000000000000002 /* MangaOCRTokenizer.swift */; };
		D10000010000000000000003 /* MangaOCRRecognizer.swift in Sources */ = {isa = PBXBuildFile; fileRef = D20000010000000000000003 /* MangaOCRRecognizer.swift */; };
		D10000010000000000000004 /* MangaOCRService.swift in Sources */ = {isa = PBXBuildFile; fileRef = D20000010000000000000004 /* MangaOCRService.swift */; };
		D10000010000000000000005 /* OCRRouter.swift in Sources */ = {isa = PBXBuildFile; fileRef = D20000010000000000000005 /* OCRRouter.swift */; };
		PH1000000100000000000001 /* OCRRecognizing.swift in Sources */ = {isa = PBXBuildFile; fileRef = PH2000000100000000000001 /* OCRRecognizing.swift */; };
		PH1000000100000000000002 /* PaddleOCRError.swift in Sources */ = {isa = PBXBuildFile; fileRef = PH2000000100000000000002 /* PaddleOCRError.swift */; };
		PH1000000100000000000003 /* DeviceCapabilityService.swift in Sources */ = {isa = PBXBuildFile; fileRef = PH2000000100000000000003 /* DeviceCapabilityService.swift */; };
		PH1000000100000000000004 /* ModelDownloadService.swift in Sources */ = {isa = PBXBuildFile; fileRef = PH2000000100000000000004 /* ModelDownloadService.swift */; };
		PH1000000100000000000005 /* PaddleOCRErrorUIMapping.swift in Sources */ = {isa = PBXBuildFile; fileRef = PH2000000100000000000005 /* PaddleOCRErrorUIMapping.swift */; };
		PH1000000100000000000006 /* PaddleOCRSettingsViewModel.swift in Sources */ = {isa = PBXBuildFile; fileRef = PH2000000100000000000006 /* PaddleOCRSettingsViewModel.swift */; };
		PH1000000100000000000007 /* PaddleOCRSettingsSection.swift in Sources */ = {isa = PBXBuildFile; fileRef = PH2000000100000000000007 /* PaddleOCRSettingsSection.swift */; };
		TH1000000100000000000001 /* OCRRecognizingTests.swift in Sources */ = {isa = PBXBuildFile; fileRef = TH2000000100000000000001 /* OCRRecognizingTests.swift */; };
		TH1000000100000000000002 /* OCRRouterTests.swift in Sources */ = {isa = PBXBuildFile; fileRef = TH2000000100000000000002 /* OCRRouterTests.swift */; };
		TH1000000100000000000003 /* PaddleOCRSettingsSectionTests.swift in Sources */ = {isa = PBXBuildFile; fileRef = TH2000000100000000000003 /* PaddleOCRSettingsSectionTests.swift */; };
		D10000010000000000000010 /* comic-text-detector.onnx in Resources */ = {isa = PBXBuildFile; fileRef = D20000010000000000000010 /* comic-text-detector.onnx */; };
		D10000010000000000000011 /* encoder_model.onnx in Resources */ = {isa = PBXBuildFile; fileRef = D20000010000000000000011 /* encoder_model.onnx */; };
		D10000010000000000000012 /* decoder_model.onnx in Resources */ = {isa = PBXBuildFile; fileRef = D20000010000000000000012 /* decoder_model.onnx */; };
		D10000010000000000000013 /* vocab.txt in Resources */ = {isa = PBXBuildFile; fileRef = D20000010000000000000013 /* vocab.txt */; };
		D10000010000000000000014 /* preprocessor_config.json in Resources */ = {isa = PBXBuildFile; fileRef = D20000010000000000000014 /* preprocessor_config.json */; };
		D10000010000000000000015 /* generation_config.json in Resources */ = {isa = PBXBuildFile; fileRef = D20000010000000000000015 /* generation_config.json */; };
		D10000010000000000000016 /* tokenizer.json in Resources */ = {isa = PBXBuildFile; fileRef = D20000010000000000000016 /* tokenizer.json */; };
		D10000010000000000000017 /* config.json in Resources */ = {isa = PBXBuildFile; fileRef = D20000010000000000000017 /* config.json */; };
		D10000010000000000000018 /* special_tokens_map.json in Resources */ = {isa = PBXBuildFile; fileRef = D20000010000000000000018 /* special_tokens_map.json */; };
		E10000010000000000000001 /* Sparkle in Frameworks */ = {isa = PBXBuildFile; productRef = E10000010000000000000002 /* Sparkle */; };
		E10000010000000000000010 /* CheckForUpdatesView.swift in Sources */ = {isa = PBXBuildFile; fileRef = E20000010000000000000010 /* CheckForUpdatesView.swift */; };
		F10000010000000000000001 /* UpdateChecker.swift in Sources */ = {isa = PBXBuildFile; fileRef = F20000010000000000000001 /* UpdateChecker.swift */; };
		G10000010000000000000001 /* CopilotEnvironment.swift in Sources */ = {isa = PBXBuildFile; fileRef = G20000010000000000000001 /* CopilotEnvironment.swift */; };
		G10000010000000000000002 /* CopilotTranslationService.swift in Sources */ = {isa = PBXBuildFile; fileRef = G20000010000000000000002 /* CopilotTranslationService.swift */; };
		T10000010000000000000001 /* LLMPromptTests.swift in Sources */ = {isa = PBXBuildFile; fileRef = T20000010000000000000001 /* LLMPromptTests.swift */; };
		T10000010000000000000002 /* PreferencesServiceTests.swift in Sources */ = {isa = PBXBuildFile; fileRef = T20000010000000000000002 /* PreferencesServiceTests.swift */; };
		T10000010000000000000003 /* SwiftUIViewCorrectnessTests.swift in Sources */ = {isa = PBXBuildFile; fileRef = T20000010000000000000003 /* SwiftUIViewCorrectnessTests.swift */; };
		T10000010000000000000004 /* KeychainServiceTests.swift in Sources */ = {isa = PBXBuildFile; fileRef = T20000010000000000000004 /* KeychainServiceTests.swift */; };
		T10000010000000000000005 /* ModelsTests.swift in Sources */ = {isa = PBXBuildFile; fileRef = T20000010000000000000005 /* ModelsTests.swift */; };
		T10000010000000000000006 /* CopilotEnvironmentTests.swift in Sources */ = {isa = PBXBuildFile; fileRef = T20000010000000000000006 /* CopilotEnvironmentTests.swift */; };
		T10000010000000000000007 /* CopilotTranslationServiceTests.swift in Sources */ = {isa = PBXBuildFile; fileRef = T20000010000000000000007 /* CopilotTranslationServiceTests.swift */; };
		T10000010000000000000008 /* ImageViewerTests.swift in Sources */ = {isa = PBXBuildFile; fileRef = T20000010000000000000008 /* ImageViewerTests.swift */; };
		T10000010000000000000009 /* MangaOCRTests.swift in Sources */ = {isa = PBXBuildFile; fileRef = T20000010000000000000009 /* MangaOCRTests.swift */; };		G10000010000000000000001 /* CopilotEnvironment.swift in Sources */ = {isa = PBXBuildFile; fileRef = G20000010000000000000001 /* CopilotEnvironment.swift */; };
		G10000010000000000000002 /* CopilotTranslationService.swift in Sources */ = {isa = PBXBuildFile; fileRef = G20000010000000000000002 /* CopilotTranslationService.swift */; };
		T1000001000000000000000A /* VisionOCRServiceTests.swift in Sources */ = {isa = PBXBuildFile; fileRef = T2000001000000000000000A /* VisionOCRServiceTests.swift */; };
		M10000010000000000000001 /* MangaTranslatorMLX.swift in Sources */ = {isa = PBXBuildFile; fileRef = M20000010000000000000001 /* MangaTranslatorMLX.swift */; };
		M10000010000000000000002 /* MLX in Frameworks */ = {isa = PBXBuildFile; productRef = ML0000010000000000000002 /* MLX */; };
		M10000010000000000000003 /* MLXNN in Frameworks */ = {isa = PBXBuildFile; productRef = ML0000010000000000000003 /* MLXNN */; };
		PV1000000200000000000001 /* PaddleOCRVL in Frameworks */ = {isa = PBXBuildFile; productRef = PV0000010000000000000002 /* PaddleOCRVL */; };
		PH1000000200000000000001 /* PaddleOCRVLRecognizer.swift in Sources */ = {isa = PBXBuildFile; fileRef = PH2000000200000000000001 /* PaddleOCRVLRecognizer.swift */; };
		PH1000000200000000000007 /* PaddleOCREngine.swift in Sources */ = {isa = PBXBuildFile; fileRef = PH2000000200000000000003 /* PaddleOCREngine.swift */; };
		PH1000000200000000000002 /* PaddleOCRVLRecognizerTests.swift in Sources */ = {isa = PBXBuildFile; fileRef = PH2000000200000000000002 /* PaddleOCRVLRecognizerTests.swift */; };
		PH1000000200000000000003 /* MangaTranslatorMLX.framework in Frameworks */ = {isa = PBXBuildFile; fileRef = M20000010000000000000010 /* MangaTranslatorMLX.framework */; settings = {ATTRIBUTES = (Weak, ); }; };
		PH1000000200000000000004 /* MangaTranslatorMLX.framework in Embed Frameworks */ = {isa = PBXBuildFile; fileRef = M20000010000000000000010 /* MangaTranslatorMLX.framework */; settings = {ATTRIBUTES = (CodeSignOnCopy, RemoveHeadersOnCopy, ); }; };
		PH1000000200000000000005 /* MangaTranslatorMLX.framework in Frameworks (Tests) */ = {isa = PBXBuildFile; fileRef = M20000010000000000000010 /* MangaTranslatorMLX.framework */; };
/* End PBXBuildFile section */

/* Begin PBXContainerItemProxy section */
		BKC000000100000000000001 /* PBXContainerItemProxy */ = {
			isa = PBXContainerItemProxy;
			containerPortal = A90000010000000000000001 /* Project object */;
			proxyType = 1;
			remoteGlobalIDString = A50000010000000000000001;
			remoteInfo = MangaTranslator;
		};
		TC0000010000000000000001 /* PBXContainerItemProxy */ = {
			isa = PBXContainerItemProxy;
			containerPortal = A90000010000000000000001 /* Project object */;
			proxyType = 1;
			remoteGlobalIDString = A50000010000000000000001;
			remoteInfo = MangaTranslator;
		};
		PH4000000200000000000001 /* PBXContainerItemProxy */ = {
			isa = PBXContainerItemProxy;
			containerPortal = A90000010000000000000001 /* Project object */;
			proxyType = 1;
			remoteGlobalIDString = M50000010000000000000001;
			remoteInfo = MangaTranslatorMLX;
		};
		PH4000000200000000000002 /* PBXContainerItemProxy */ = {
			isa = PBXContainerItemProxy;
			containerPortal = A90000010000000000000001 /* Project object */;
			proxyType = 1;
			remoteGlobalIDString = M50000010000000000000001;
			remoteInfo = MangaTranslatorMLX;
		};
/* End PBXContainerItemProxy section */

/* Begin PBXCopyFilesBuildPhase section */
		PH3000000200000000000001 /* Embed Frameworks */ = {
			isa = PBXCopyFilesBuildPhase;
			buildActionMask = 2147483647;
			dstPath = "";
			dstSubfolderSpec = 10;
			files = (
				PH1000000200000000000004 /* MangaTranslatorMLX.framework in Embed Frameworks */,
			);
			name = "Embed Frameworks";
			runOnlyForDeploymentPostprocessing = 0;
		};
/* End PBXCopyFilesBuildPhase section */

/* Begin PBXFileReference section */
		A20000010000000000000001 /* MangaTranslatorApp.swift */ = {isa = PBXFileReference; lastKnownFileType = sourcecode.swift; path = MangaTranslatorApp.swift; sourceTree = "<group>"; };
		A20000010000000000000002 /* ContentView.swift */ = {isa = PBXFileReference; lastKnownFileType = sourcecode.swift; path = ContentView.swift; sourceTree = "<group>"; };
		A20000010000000000000003 /* SettingsView.swift */ = {isa = PBXFileReference; lastKnownFileType = sourcecode.swift; path = SettingsView.swift; sourceTree = "<group>"; };
		A20000010000000000000004 /* Assets.xcassets */ = {isa = PBXFileReference; lastKnownFileType = folder.assetcatalog; path = Assets.xcassets; sourceTree = "<group>"; };
		A20000010000000000000005 /* MangaTranslator.entitlements */ = {isa = PBXFileReference; lastKnownFileType = text.plist.entitlements; path = MangaTranslator.entitlements; sourceTree = "<group>"; };
		A20000010000000000000010 /* MangaTranslator.app */ = {isa = PBXFileReference; explicitFileType = wrapper.application; includeInIndex = 0; path = MangaTranslator.app; sourceTree = BUILT_PRODUCTS_DIR; };
		A20000010000000000000020 /* Models.swift */ = {isa = PBXFileReference; lastKnownFileType = sourcecode.swift; path = Models.swift; sourceTree = "<group>"; };
		A20000010000000000000030 /* VisionOCRService.swift */ = {isa = PBXFileReference; lastKnownFileType = sourcecode.swift; path = VisionOCRService.swift; sourceTree = "<group>"; };
		A20000010000000000000031 /* BubbleDetector.swift */ = {isa = PBXFileReference; lastKnownFileType = sourcecode.swift; path = BubbleDetector.swift; sourceTree = "<group>"; };
		A20000010000000000000032 /* ReadingOrderSorter.swift */ = {isa = PBXFileReference; lastKnownFileType = sourcecode.swift; path = ReadingOrderSorter.swift; sourceTree = "<group>"; };
		A20000010000000000000033 /* LLMPrompt.swift */ = {isa = PBXFileReference; lastKnownFileType = sourcecode.swift; path = LLMPrompt.swift; sourceTree = "<group>"; };
		A20000010000000000000034 /* TranslationError.swift */ = {isa = PBXFileReference; lastKnownFileType = sourcecode.swift; path = TranslationError.swift; sourceTree = "<group>"; };
		A20000010000000000000035 /* DeepLTranslationService.swift */ = {isa = PBXFileReference; lastKnownFileType = sourcecode.swift; path = DeepLTranslationService.swift; sourceTree = "<group>"; };
		A20000010000000000000036 /* GoogleTranslationService.swift */ = {isa = PBXFileReference; lastKnownFileType = sourcecode.swift; path = GoogleTranslationService.swift; sourceTree = "<group>"; };
		A20000010000000000000037 /* OpenAITranslationService.swift */ = {isa = PBXFileReference; lastKnownFileType = sourcecode.swift; path = OpenAITranslationService.swift; sourceTree = "<group>"; };
		A20000010000000000000039 /* CacheService.swift */ = {isa = PBXFileReference; lastKnownFileType = sourcecode.swift; path = CacheService.swift; sourceTree = "<group>"; };
		A20000010000000000000040 /* KeychainService.swift */ = {isa = PBXFileReference; lastKnownFileType = sourcecode.swift; path = KeychainService.swift; sourceTree = "<group>"; };
		A20000010000000000000041 /* PreferencesService.swift */ = {isa = PBXFileReference; lastKnownFileType = sourcecode.swift; path = PreferencesService.swift; sourceTree = "<group>"; };
		A20000010000000000000042 /* FileInputService.swift */ = {isa = PBXFileReference; lastKnownFileType = sourcecode.swift; path = FileInputService.swift; sourceTree = "<group>"; };
		A20000010000000000000050 /* TranslationViewModel.swift */ = {isa = PBXFileReference; lastKnownFileType = sourcecode.swift; path = TranslationViewModel.swift; sourceTree = "<group>"; };
		A20000010000000000000060 /* ImageViewer.swift */ = {isa = PBXFileReference; lastKnownFileType = sourcecode.swift; path = ImageViewer.swift; sourceTree = "<group>"; };
		A20000010000000000000061 /* TranslationSidebar.swift */ = {isa = PBXFileReference; lastKnownFileType = sourcecode.swift; path = TranslationSidebar.swift; sourceTree = "<group>"; };
		A20000010000000000000062 /* GlossaryService.swift */ = {isa = PBXFileReference; lastKnownFileType = sourcecode.swift; path = GlossaryService.swift; sourceTree = "<group>"; };
		A20000010000000000000063 /* GlossaryView.swift */ = {isa = PBXFileReference; lastKnownFileType = sourcecode.swift; path = GlossaryView.swift; sourceTree = "<group>"; };
		A20000010000000000000064 /* GlossarySubstitution.swift */ = {isa = PBXFileReference; lastKnownFileType = sourcecode.swift; path = GlossarySubstitution.swift; sourceTree = "<group>"; };
		BK20000010000000000000001 /* OCRBenchmarkTests.xctest */ = {isa = PBXFileReference; explicitFileType = wrapper.cfbundle; includeInIndex = 0; path = OCRBenchmarkTests.xctest; sourceTree = BUILT_PRODUCTS_DIR; };
		BK20000010000000000000002 /* IoUCalculator.swift */ = {isa = PBXFileReference; lastKnownFileType = sourcecode.swift; path = IoUCalculator.swift; sourceTree = "<group>"; };
		BK20000010000000000000003 /* ImageScanner.swift */ = {isa = PBXFileReference; lastKnownFileType = sourcecode.swift; path = ImageScanner.swift; sourceTree = "<group>"; };
		BK20000010000000000000004 /* BenchmarkReporter.swift */ = {isa = PBXFileReference; lastKnownFileType = sourcecode.swift; path = BenchmarkReporter.swift; sourceTree = "<group>"; };
		BK20000010000000000000005 /* IoUCalculatorTests.swift */ = {isa = PBXFileReference; lastKnownFileType = sourcecode.swift; path = IoUCalculatorTests.swift; sourceTree = "<group>"; };
		BK20000010000000000000006 /* BenchmarkReporterTests.swift */ = {isa = PBXFileReference; lastKnownFileType = sourcecode.swift; path = BenchmarkReporterTests.swift; sourceTree = "<group>"; };
		BK20000010000000000000007 /* ImageScannerTests.swift */ = {isa = PBXFileReference; lastKnownFileType = sourcecode.swift; path = ImageScannerTests.swift; sourceTree = "<group>"; };
		BK20000010000000000000008 /* OCRBenchmarkTests.swift */ = {isa = PBXFileReference; lastKnownFileType = sourcecode.swift; path = OCRBenchmarkTests.swift; sourceTree = "<group>"; };
		D20000010000000000000001 /* ComicTextDetectorService.swift */ = {isa = PBXFileReference; lastKnownFileType = sourcecode.swift; path = ComicTextDetectorService.swift; sourceTree = "<group>"; };
		D20000010000000000000002 /* MangaOCRTokenizer.swift */ = {isa = PBXFileReference; lastKnownFileType = sourcecode.swift; path = MangaOCRTokenizer.swift; sourceTree = "<group>"; };
		D20000010000000000000003 /* MangaOCRRecognizer.swift */ = {isa = PBXFileReference; lastKnownFileType = sourcecode.swift; path = MangaOCRRecognizer.swift; sourceTree = "<group>"; };
		D20000010000000000000004 /* MangaOCRService.swift */ = {isa = PBXFileReference; lastKnownFileType = sourcecode.swift; path = MangaOCRService.swift; sourceTree = "<group>"; };
		D20000010000000000000005 /* OCRRouter.swift */ = {isa = PBXFileReference; lastKnownFileType = sourcecode.swift; path = OCRRouter.swift; sourceTree = "<group>"; };
		PH2000000100000000000001 /* OCRRecognizing.swift */ = {isa = PBXFileReference; lastKnownFileType = sourcecode.swift; path = OCRRecognizing.swift; sourceTree = "<group>"; };
		PH2000000100000000000002 /* PaddleOCRError.swift */ = {isa = PBXFileReference; lastKnownFileType = sourcecode.swift; path = PaddleOCRError.swift; sourceTree = "<group>"; };
		PH2000000100000000000003 /* DeviceCapabilityService.swift */ = {isa = PBXFileReference; lastKnownFileType = sourcecode.swift; path = DeviceCapabilityService.swift; sourceTree = "<group>"; };
		PH2000000100000000000004 /* ModelDownloadService.swift */ = {isa = PBXFileReference; lastKnownFileType = sourcecode.swift; path = ModelDownloadService.swift; sourceTree = "<group>"; };
		PH2000000100000000000005 /* PaddleOCRErrorUIMapping.swift */ = {isa = PBXFileReference; lastKnownFileType = sourcecode.swift; path = PaddleOCRErrorUIMapping.swift; sourceTree = "<group>"; };
		PH2000000100000000000006 /* PaddleOCRSettingsViewModel.swift */ = {isa = PBXFileReference; lastKnownFileType = sourcecode.swift; path = PaddleOCRSettingsViewModel.swift; sourceTree = "<group>"; };
		PH2000000100000000000007 /* PaddleOCRSettingsSection.swift */ = {isa = PBXFileReference; lastKnownFileType = sourcecode.swift; path = PaddleOCRSettingsSection.swift; sourceTree = "<group>"; };
		TH2000000100000000000001 /* OCRRecognizingTests.swift */ = {isa = PBXFileReference; lastKnownFileType = sourcecode.swift; path = OCRRecognizingTests.swift; sourceTree = "<group>"; };
		TH2000000100000000000002 /* OCRRouterTests.swift */ = {isa = PBXFileReference; lastKnownFileType = sourcecode.swift; path = OCRRouterTests.swift; sourceTree = "<group>"; };
		TH2000000100000000000003 /* PaddleOCRSettingsSectionTests.swift */ = {isa = PBXFileReference; lastKnownFileType = sourcecode.swift; path = PaddleOCRSettingsSectionTests.swift; sourceTree = "<group>"; };
		D20000010000000000000010 /* comic-text-detector.onnx */ = {isa = PBXFileReference; lastKnownFileType = file; path = "comic-text-detector.onnx"; sourceTree = "<group>"; };
		D20000010000000000000011 /* encoder_model.onnx */ = {isa = PBXFileReference; lastKnownFileType = file; path = encoder_model.onnx; sourceTree = "<group>"; };
		D20000010000000000000012 /* decoder_model.onnx */ = {isa = PBXFileReference; lastKnownFileType = file; path = decoder_model.onnx; sourceTree = "<group>"; };
		D20000010000000000000013 /* vocab.txt */ = {isa = PBXFileReference; lastKnownFileType = text; path = vocab.txt; sourceTree = "<group>"; };
		D20000010000000000000014 /* preprocessor_config.json */ = {isa = PBXFileReference; lastKnownFileType = text.json; path = preprocessor_config.json; sourceTree = "<group>"; };
		D20000010000000000000015 /* generation_config.json */ = {isa = PBXFileReference; lastKnownFileType = text.json; path = generation_config.json; sourceTree = "<group>"; };
		D20000010000000000000016 /* tokenizer.json */ = {isa = PBXFileReference; lastKnownFileType = text.json; path = tokenizer.json; sourceTree = "<group>"; };
		D20000010000000000000017 /* config.json */ = {isa = PBXFileReference; lastKnownFileType = text.json; path = config.json; sourceTree = "<group>"; };
		D20000010000000000000018 /* special_tokens_map.json */ = {isa = PBXFileReference; lastKnownFileType = text.json; path = special_tokens_map.json; sourceTree = "<group>"; };
		E20000010000000000000010 /* CheckForUpdatesView.swift */ = {isa = PBXFileReference; lastKnownFileType = sourcecode.swift; path = CheckForUpdatesView.swift; sourceTree = "<group>"; };
		F20000010000000000000001 /* UpdateChecker.swift */ = {isa = PBXFileReference; lastKnownFileType = sourcecode.swift; path = UpdateChecker.swift; sourceTree = "<group>"; };
		G20000010000000000000001 /* CopilotEnvironment.swift */ = {isa = PBXFileReference; lastKnownFileType = sourcecode.swift; path = CopilotEnvironment.swift; sourceTree = "<group>"; };
		G20000010000000000000002 /* CopilotTranslationService.swift */ = {isa = PBXFileReference; lastKnownFileType = sourcecode.swift; path = CopilotTranslationService.swift; sourceTree = "<group>"; };
		T20000010000000000000001 /* LLMPromptTests.swift */ = {isa = PBXFileReference; lastKnownFileType = sourcecode.swift; path = LLMPromptTests.swift; sourceTree = "<group>"; };
		T20000010000000000000002 /* PreferencesServiceTests.swift */ = {isa = PBXFileReference; lastKnownFileType = sourcecode.swift; path = PreferencesServiceTests.swift; sourceTree = "<group>"; };
		T20000010000000000000003 /* SwiftUIViewCorrectnessTests.swift */ = {isa = PBXFileReference; lastKnownFileType = sourcecode.swift; path = SwiftUIViewCorrectnessTests.swift; sourceTree = "<group>"; };
		T20000010000000000000004 /* KeychainServiceTests.swift */ = {isa = PBXFileReference; lastKnownFileType = sourcecode.swift; path = KeychainServiceTests.swift; sourceTree = "<group>"; };
		T20000010000000000000005 /* ModelsTests.swift */ = {isa = PBXFileReference; lastKnownFileType = sourcecode.swift; path = ModelsTests.swift; sourceTree = "<group>"; };
		T20000010000000000000006 /* CopilotEnvironmentTests.swift */ = {isa = PBXFileReference; lastKnownFileType = sourcecode.swift; path = CopilotEnvironmentTests.swift; sourceTree = "<group>"; };
		T20000010000000000000007 /* CopilotTranslationServiceTests.swift */ = {isa = PBXFileReference; lastKnownFileType = sourcecode.swift; path = CopilotTranslationServiceTests.swift; sourceTree = "<group>"; };
		T20000010000000000000008 /* ImageViewerTests.swift */ = {isa = PBXFileReference; lastKnownFileType = sourcecode.swift; path = ImageViewerTests.swift; sourceTree = "<group>"; };
		T20000010000000000000009 /* MangaOCRTests.swift */ = {isa = PBXFileReference; lastKnownFileType = sourcecode.swift; path = MangaOCRTests.swift; sourceTree = "<group>"; };
		T2000001000000000000000A /* VisionOCRServiceTests.swift */ = {isa = PBXFileReference; lastKnownFileType = sourcecode.swift; path = VisionOCRServiceTests.swift; sourceTree = "<group>"; };
		T20000010000000000000010 /* MangaTranslatorTests.xctest */ = {isa = PBXFileReference; explicitFileType = wrapper.cfbundle; includeInIndex = 0; path = MangaTranslatorTests.xctest; sourceTree = BUILT_PRODUCTS_DIR; };
		M20000010000000000000001 /* MangaTranslatorMLX.swift */ = {isa = PBXFileReference; lastKnownFileType = sourcecode.swift; path = MangaTranslatorMLX.swift; sourceTree = "<group>"; };
		PH2000000200000000000001 /* PaddleOCRVLRecognizer.swift */ = {isa = PBXFileReference; lastKnownFileType = sourcecode.swift; path = PaddleOCRVLRecognizer.swift; sourceTree = "<group>"; };
		PH2000000200000000000003 /* PaddleOCREngine.swift */ = {isa = PBXFileReference; lastKnownFileType = sourcecode.swift; path = PaddleOCREngine.swift; sourceTree = "<group>"; };
		PH2000000200000000000002 /* PaddleOCRVLRecognizerTests.swift */ = {isa = PBXFileReference; lastKnownFileType = sourcecode.swift; path = PaddleOCRVLRecognizerTests.swift; sourceTree = "<group>"; };

		M20000010000000000000010 /* MangaTranslatorMLX.framework */ = {isa = PBXFileReference; explicitFileType = wrapper.framework; includeInIndex = 0; path = MangaTranslatorMLX.framework; sourceTree = BUILT_PRODUCTS_DIR; };
/* End PBXFileReference section */

/* Begin PBXFrameworksBuildPhase section */
		A30000010000000000000001 /* Frameworks */ = {
			isa = PBXFrameworksBuildPhase;
			buildActionMask = 2147483647;
			files = (
				C10000010000000000000003 /* onnxruntime in Frameworks */,
				E10000010000000000000001 /* Sparkle in Frameworks */,
				PH1000000200000000000003 /* MangaTranslatorMLX.framework in Frameworks */,
			);
			runOnlyForDeploymentPostprocessing = 0;
		};
		M30000010000000000000001 /* Frameworks */ = {
			isa = PBXFrameworksBuildPhase;
			buildActionMask = 2147483647;
			files = (
				M10000010000000000000002 /* MLX in Frameworks */,
				M10000010000000000000003 /* MLXNN in Frameworks */,
				PV1000000200000000000001 /* PaddleOCRVL in Frameworks */,
			);
			runOnlyForDeploymentPostprocessing = 0;
		};
		PH6000000200000000000001 /* Frameworks */ = {
			isa = PBXFrameworksBuildPhase;
			buildActionMask = 2147483647;
			files = (
				PH1000000200000000000005 /* MangaTranslatorMLX.framework in Frameworks (Tests) */,
			);
			runOnlyForDeploymentPostprocessing = 0;
		};
/* End PBXFrameworksBuildPhase section */

/* Begin PBXGroup section */
		A40000010000000000000001 = {
			isa = PBXGroup;
			children = (
				A40000010000000000000002 /* MangaTranslator */,
				M40000010000000000000001 /* MangaTranslatorMLX */,
				T40000010000000000000001 /* MangaTranslatorTests */,
				BK40000010000000000000001 /* OCRBenchmarkTests */,
				A40000010000000000000009 /* Products */,
			);
			sourceTree = "<group>";
		};
		A40000010000000000000002 /* MangaTranslator */ = {
			isa = PBXGroup;
			children = (
				A20000010000000000000001 /* MangaTranslatorApp.swift */,
				A20000010000000000000005 /* MangaTranslator.entitlements */,
				A20000010000000000000004 /* Assets.xcassets */,
				A40000010000000000000003 /* Views */,
				A40000010000000000000004 /* Models */,
				A40000010000000000000005 /* ViewModels */,
				A40000010000000000000006 /* Services */,
				D40000010000000000000001 /* Resources */,
			);
			path = MangaTranslator;
			sourceTree = "<group>";
		};
		A40000010000000000000003 /* Views */ = {
			isa = PBXGroup;
			children = (
				A20000010000000000000002 /* ContentView.swift */,
				A20000010000000000000003 /* SettingsView.swift */,
				PH2000000100000000000007 /* PaddleOCRSettingsSection.swift */,
				E20000010000000000000010 /* CheckForUpdatesView.swift */,
				A20000010000000000000060 /* ImageViewer.swift */,
				A20000010000000000000061 /* TranslationSidebar.swift */,
				A20000010000000000000063 /* GlossaryView.swift */,
			);
			path = Views;
			sourceTree = "<group>";
		};
		A40000010000000000000004 /* Models */ = {
			isa = PBXGroup;
			children = (
				A20000010000000000000020 /* Models.swift */,
			);
			path = Models;
			sourceTree = "<group>";
		};
		A40000010000000000000005 /* ViewModels */ = {
			isa = PBXGroup;
			children = (
				A20000010000000000000050 /* TranslationViewModel.swift */,
				PH2000000100000000000006 /* PaddleOCRSettingsViewModel.swift */,
			);
			path = ViewModels;
			sourceTree = "<group>";
		};
		A40000010000000000000006 /* Services */ = {
			isa = PBXGroup;
			children = (
				A20000010000000000000030 /* VisionOCRService.swift */,
				A20000010000000000000031 /* BubbleDetector.swift */,
				A20000010000000000000032 /* ReadingOrderSorter.swift */,
				A20000010000000000000033 /* LLMPrompt.swift */,
				A20000010000000000000034 /* TranslationError.swift */,
				A20000010000000000000035 /* DeepLTranslationService.swift */,
				A20000010000000000000036 /* GoogleTranslationService.swift */,
				A20000010000000000000037 /* OpenAITranslationService.swift */,
				A20000010000000000000039 /* CacheService.swift */,
				A20000010000000000000062 /* GlossaryService.swift */,
				A20000010000000000000064 /* GlossarySubstitution.swift */,
				A20000010000000000000040 /* KeychainService.swift */,
				A20000010000000000000041 /* PreferencesService.swift */,
				A20000010000000000000042 /* FileInputService.swift */,
				D20000010000000000000001 /* ComicTextDetectorService.swift */,
				D20000010000000000000002 /* MangaOCRTokenizer.swift */,
				D20000010000000000000003 /* MangaOCRRecognizer.swift */,
				D20000010000000000000004 /* MangaOCRService.swift */,
				D20000010000000000000005 /* OCRRouter.swift */,
				PH2000000100000000000001 /* OCRRecognizing.swift */,
				PH2000000100000000000002 /* PaddleOCRError.swift */,
				PH2000000100000000000003 /* DeviceCapabilityService.swift */,
				PH2000000100000000000004 /* ModelDownloadService.swift */,
				PH2000000100000000000005 /* PaddleOCRErrorUIMapping.swift */,
				F20000010000000000000001 /* UpdateChecker.swift */,
				G20000010000000000000001 /* CopilotEnvironment.swift */,
				G20000010000000000000002 /* CopilotTranslationService.swift */,
			);
			path = Services;
			sourceTree = "<group>";
		};
		A40000010000000000000009 /* Products */ = {
			isa = PBXGroup;
			children = (
				A20000010000000000000010 /* MangaTranslator.app */,
				T20000010000000000000010 /* MangaTranslatorTests.xctest */,
				M20000010000000000000010 /* MangaTranslatorMLX.framework */,
				BK20000010000000000000001 /* OCRBenchmarkTests.xctest */,
			);
			name = Products;
			sourceTree = "<group>";
		};
		BK40000010000000000000001 /* OCRBenchmarkTests */ = {
			isa = PBXGroup;
			children = (
				BK20000010000000000000002 /* IoUCalculator.swift */,
				BK20000010000000000000003 /* ImageScanner.swift */,
				BK20000010000000000000004 /* BenchmarkReporter.swift */,
				BK20000010000000000000005 /* IoUCalculatorTests.swift */,
				BK20000010000000000000006 /* BenchmarkReporterTests.swift */,
				BK20000010000000000000007 /* ImageScannerTests.swift */,
				BK20000010000000000000008 /* OCRBenchmarkTests.swift */,
			);
			path = OCRBenchmarkTests;
			sourceTree = "<group>";
		};
		D40000010000000000000001 /* Resources */ = {
			isa = PBXGroup;
			children = (
				D40000010000000000000002 /* Models */,
			);
			path = Resources;
			sourceTree = "<group>";
		};
		D40000010000000000000002 /* Models */ = {
			isa = PBXGroup;
			children = (
				D20000010000000000000010 /* comic-text-detector.onnx */,
				D20000010000000000000011 /* encoder_model.onnx */,
				D20000010000000000000012 /* decoder_model.onnx */,
				D20000010000000000000013 /* vocab.txt */,
				D20000010000000000000014 /* preprocessor_config.json */,
				D20000010000000000000015 /* generation_config.json */,
				D20000010000000000000016 /* tokenizer.json */,
				D20000010000000000000017 /* config.json */,
				D20000010000000000000018 /* special_tokens_map.json */,
			);
			path = Models;
			sourceTree = "<group>";
		};
		M40000010000000000000001 /* MangaTranslatorMLX */ = {
			isa = PBXGroup;
			children = (
				M20000010000000000000001 /* MangaTranslatorMLX.swift */,
				PH2000000200000000000003 /* PaddleOCREngine.swift */,
				PH2000000200000000000001 /* PaddleOCRVLRecognizer.swift */,
			);
			path = MangaTranslatorMLX;
			sourceTree = "<group>";
		};
		T40000010000000000000001 /* MangaTranslatorTests */ = {
			isa = PBXGroup;
			children = (
				T20000010000000000000001 /* LLMPromptTests.swift */,
				T20000010000000000000002 /* PreferencesServiceTests.swift */,
				T20000010000000000000003 /* SwiftUIViewCorrectnessTests.swift */,
				T20000010000000000000004 /* KeychainServiceTests.swift */,
				T20000010000000000000005 /* ModelsTests.swift */,
				T20000010000000000000006 /* CopilotEnvironmentTests.swift */,
				T20000010000000000000007 /* CopilotTranslationServiceTests.swift */,
				T20000010000000000000008 /* ImageViewerTests.swift */,
				T20000010000000000000009 /* MangaOCRTests.swift */,
				TH2000000100000000000001 /* OCRRecognizingTests.swift */,
				TH2000000100000000000002 /* OCRRouterTests.swift */,
				TH2000000100000000000003 /* PaddleOCRSettingsSectionTests.swift */,
				PH2000000200000000000002 /* PaddleOCRVLRecognizerTests.swift */,
				T2000001000000000000000A /* VisionOCRServiceTests.swift */,
			);
			path = MangaTranslatorTests;
			sourceTree = "<group>";
		};
/* End PBXGroup section */

/* Begin PBXNativeTarget section */
		A50000010000000000000001 /* MangaTranslator */ = {
			isa = PBXNativeTarget;
			buildConfigurationList = A70000010000000000000003 /* Build configuration list for PBXNativeTarget "MangaTranslator" */;
			buildPhases = (
				A60000010000000000000001 /* Sources */,
				A30000010000000000000001 /* Frameworks */,
				A80000010000000000000001 /* Resources */,
				PH3000000200000000000001 /* Embed Frameworks */,
			);
			buildRules = (
			);
			dependencies = (
				PH5000000200000000000001 /* PBXTargetDependency */,
			);
			name = MangaTranslator;
			packageProductDependencies = (
				C10000010000000000000001 /* onnxruntime */,
				E10000010000000000000002 /* Sparkle */,
			);
			productName = MangaTranslator;
			productReference = A20000010000000000000010 /* MangaTranslator.app */;
			productType = "com.apple.product-type.application";
		};
		M50000010000000000000001 /* MangaTranslatorMLX */ = {
			isa = PBXNativeTarget;
			buildConfigurationList = MA0000010000000000000001 /* Build configuration list for PBXNativeTarget "MangaTranslatorMLX" */;
			buildPhases = (
				M60000010000000000000001 /* Sources */,
				M30000010000000000000001 /* Frameworks */,
			);
			buildRules = (
			);
			dependencies = (
			);
			name = MangaTranslatorMLX;
			packageProductDependencies = (
				ML0000010000000000000002 /* MLX */,
				ML0000010000000000000003 /* MLXNN */,
				PV0000010000000000000002 /* PaddleOCRVL */,
			);
			productName = MangaTranslatorMLX;
			productReference = M20000010000000000000010 /* MangaTranslatorMLX.framework */;
			productType = "com.apple.product-type.framework";
		};
		BK50000010000000000000001 /* OCRBenchmarkTests */ = {
			isa = PBXNativeTarget;
			buildConfigurationList = BKA000000100000000000001 /* Build configuration list for PBXNativeTarget "OCRBenchmarkTests" */;
			buildPhases = (
				BK60000010000000000000001 /* Sources */,
			);
			buildRules = (
			);
			dependencies = (
				BKD000000100000000000001 /* PBXTargetDependency */,
			);
			name = OCRBenchmarkTests;
			productName = OCRBenchmarkTests;
			productReference = BK20000010000000000000001 /* OCRBenchmarkTests.xctest */;
			productType = "com.apple.product-type.bundle.unit-test";
		};
		T50000010000000000000001 /* MangaTranslatorTests */ = {
			isa = PBXNativeTarget;
			buildConfigurationList = TA0000010000000000000001 /* Build configuration list for PBXNativeTarget "MangaTranslatorTests" */;
			buildPhases = (
				T60000010000000000000001 /* Sources */,
				PH6000000200000000000001 /* Frameworks */,
			);
			buildRules = (
			);
			dependencies = (
				TD0000010000000000000001 /* PBXTargetDependency */,
				PH5000000200000000000002 /* PBXTargetDependency */,
			);
			name = MangaTranslatorTests;
			productName = MangaTranslatorTests;
			productReference = T20000010000000000000010 /* MangaTranslatorTests.xctest */;
			productType = "com.apple.product-type.bundle.unit-test";
		};
/* End PBXNativeTarget section */

/* Begin PBXProject section */
		A90000010000000000000001 /* Project object */ = {
			isa = PBXProject;
			attributes = {
				BuildIndependentTargetsInParallel = 1;
				LastSwiftUpdateCheck = 1500;
				LastUpgradeCheck = 1500;
				TargetAttributes = {
					A50000010000000000000001 = {
						CreatedOnToolsVersion = 15.0;
					};
					M50000010000000000000001 = {
						CreatedOnToolsVersion = 15.0;
					};
					BK50000010000000000000001 = {
						CreatedOnToolsVersion = 15.0;
						TestTargetID = A50000010000000000000001;
					};
					T50000010000000000000001 = {
						CreatedOnToolsVersion = 15.0;
						TestTargetID = A50000010000000000000001;
					};
				};
			};
			buildConfigurationList = A70000010000000000000001 /* Build configuration list for PBXProject "MangaTranslator" */;
			compatibilityVersion = "Xcode 14.0";
			developmentRegion = en;
			hasScannedForEncodings = 0;
			knownRegions = (
				en,
				Base,
			);
			mainGroup = A40000010000000000000001;
			packageReferences = (
				C10000010000000000000002 /* XCRemoteSwiftPackageReference "onnxruntime-swift-package-manager" */,
				E10000010000000000000003 /* XCRemoteSwiftPackageReference "Sparkle" */,
				ML0000010000000000000001 /* XCRemoteSwiftPackageReference "mlx-swift" */,
				PV0000010000000000000001 /* XCRemoteSwiftPackageReference "paddleocr-vl.swift" */,
				SN0000010000000000000001 /* XCRemoteSwiftPackageReference "swift-numerics" */,
			);
			productRefGroup = A40000010000000000000009 /* Products */;
			projectDirPath = "";
			projectRoot = "";
			targets = (
				A50000010000000000000001 /* MangaTranslator */,
				M50000010000000000000001 /* MangaTranslatorMLX */,
				T50000010000000000000001 /* MangaTranslatorTests */,
				BK50000010000000000000001 /* OCRBenchmarkTests */,
			);
		};
/* End PBXProject section */

/* Begin PBXResourcesBuildPhase section */
		A80000010000000000000001 /* Resources */ = {
			isa = PBXResourcesBuildPhase;
			buildActionMask = 2147483647;
			files = (
				A10000010000000000000004 /* Assets.xcassets in Resources */,
				D10000010000000000000010 /* comic-text-detector.onnx in Resources */,
				D10000010000000000000011 /* encoder_model.onnx in Resources */,
				D10000010000000000000012 /* decoder_model.onnx in Resources */,
				D10000010000000000000013 /* vocab.txt in Resources */,
				D10000010000000000000014 /* preprocessor_config.json in Resources */,
				D10000010000000000000015 /* generation_config.json in Resources */,
				D10000010000000000000016 /* tokenizer.json in Resources */,
				D10000010000000000000017 /* config.json in Resources */,
				D10000010000000000000018 /* special_tokens_map.json in Resources */,
			);
			runOnlyForDeploymentPostprocessing = 0;
		};
/* End PBXResourcesBuildPhase section */

/* Begin PBXSourcesBuildPhase section */
		A60000010000000000000001 /* Sources */ = {
			isa = PBXSourcesBuildPhase;
			buildActionMask = 2147483647;
			files = (
				G10000010000000000000001 /* CopilotEnvironment.swift in Sources */,
				G10000010000000000000002 /* CopilotTranslationService.swift in Sources */,
				A10000010000000000000001 /* MangaTranslatorApp.swift in Sources */,
				A10000010000000000000002 /* ContentView.swift in Sources */,
				A10000010000000000000003 /* SettingsView.swift in Sources */,
				E10000010000000000000010 /* CheckForUpdatesView.swift in Sources */,
				A10000010000000000000005 /* Models.swift in Sources */,
				A10000010000000000000006 /* VisionOCRService.swift in Sources */,
				A10000010000000000000007 /* BubbleDetector.swift in Sources */,
				A10000010000000000000008 /* ReadingOrderSorter.swift in Sources */,
				A10000010000000000000009 /* LLMPrompt.swift in Sources */,
				A10000010000000000000010 /* TranslationError.swift in Sources */,
				A10000010000000000000011 /* DeepLTranslationService.swift in Sources */,
				A10000010000000000000012 /* GoogleTranslationService.swift in Sources */,
				A10000010000000000000013 /* OpenAITranslationService.swift in Sources */,
				A10000010000000000000015 /* CacheService.swift in Sources */,
				A10000010000000000000016 /* KeychainService.swift in Sources */,
				A10000010000000000000017 /* PreferencesService.swift in Sources */,
				A10000010000000000000018 /* FileInputService.swift in Sources */,
				A10000010000000000000019 /* TranslationViewModel.swift in Sources */,
				A10000010000000000000020 /* ImageViewer.swift in Sources */,
				A10000010000000000000021 /* TranslationSidebar.swift in Sources */,
				A10000010000000000000022 /* GlossaryService.swift in Sources */,
				A10000010000000000000024 /* GlossarySubstitution.swift in Sources */,
				A10000010000000000000023 /* GlossaryView.swift in Sources */,
				D10000010000000000000001 /* ComicTextDetectorService.swift in Sources */,
				D10000010000000000000002 /* MangaOCRTokenizer.swift in Sources */,
				D10000010000000000000003 /* MangaOCRRecognizer.swift in Sources */,
				D10000010000000000000004 /* MangaOCRService.swift in Sources */,
				D10000010000000000000005 /* OCRRouter.swift in Sources */,
				PH1000000100000000000001 /* OCRRecognizing.swift in Sources */,
				PH1000000100000000000002 /* PaddleOCRError.swift in Sources */,
				PH1000000100000000000003 /* DeviceCapabilityService.swift in Sources */,
				PH1000000100000000000004 /* ModelDownloadService.swift in Sources */,
				PH1000000100000000000005 /* PaddleOCRErrorUIMapping.swift in Sources */,
				PH1000000100000000000006 /* PaddleOCRSettingsViewModel.swift in Sources */,
				PH1000000100000000000007 /* PaddleOCRSettingsSection.swift in Sources */,
				F10000010000000000000001 /* UpdateChecker.swift in Sources */,
				PH1000000200000000000001 /* PaddleOCRVLRecognizer.swift in Sources */,
			);
			runOnlyForDeploymentPostprocessing = 0;
		};
		M60000010000000000000001 /* Sources */ = {
			isa = PBXSourcesBuildPhase;
			buildActionMask = 2147483647;
			files = (
				M10000010000000000000001 /* MangaTranslatorMLX.swift in Sources */,
				PH1000000200000000000007 /* PaddleOCREngine.swift in Sources */,
			);
			runOnlyForDeploymentPostprocessing = 0;
		};
		BK60000010000000000000001 /* Sources */ = {
			isa = PBXSourcesBuildPhase;
			buildActionMask = 2147483647;
			files = (
				BK10000010000000000000001 /* IoUCalculator.swift in Sources */,
				BK10000010000000000000002 /* ImageScanner.swift in Sources */,
				BK10000010000000000000003 /* BenchmarkReporter.swift in Sources */,
				BK10000010000000000000004 /* IoUCalculatorTests.swift in Sources */,
				BK10000010000000000000005 /* BenchmarkReporterTests.swift in Sources */,
				BK10000010000000000000006 /* ImageScannerTests.swift in Sources */,
				BK10000010000000000000007 /* OCRBenchmarkTests.swift in Sources */,
			);
			runOnlyForDeploymentPostprocessing = 0;
		};
		T60000010000000000000001 /* Sources */ = {
			isa = PBXSourcesBuildPhase;
			buildActionMask = 2147483647;
			files = (
				T10000010000000000000001 /* LLMPromptTests.swift in Sources */,
				T10000010000000000000002 /* PreferencesServiceTests.swift in Sources */,
				T10000010000000000000003 /* SwiftUIViewCorrectnessTests.swift in Sources */,
				T10000010000000000000004 /* KeychainServiceTests.swift in Sources */,
				T10000010000000000000005 /* ModelsTests.swift in Sources */,
				T10000010000000000000006 /* CopilotEnvironmentTests.swift in Sources */,
				T10000010000000000000007 /* CopilotTranslationServiceTests.swift in Sources */,
				T10000010000000000000008 /* ImageViewerTests.swift in Sources */,
				T10000010000000000000009 /* MangaOCRTests.swift in Sources */,
				TH1000000100000000000001 /* OCRRecognizingTests.swift in Sources */,
				TH1000000100000000000002 /* OCRRouterTests.swift in Sources */,
				TH1000000100000000000003 /* PaddleOCRSettingsSectionTests.swift in Sources */,
				PH1000000200000000000002 /* PaddleOCRVLRecognizerTests.swift in Sources */,
				T1000001000000000000000A /* VisionOCRServiceTests.swift in Sources */,
			);
			runOnlyForDeploymentPostprocessing = 0;
		};
/* End PBXSourcesBuildPhase section */

/* Begin PBXTargetDependency section */
		BKD000000100000000000001 /* PBXTargetDependency */ = {
			isa = PBXTargetDependency;
			target = A50000010000000000000001 /* MangaTranslator */;
			targetProxy = BKC000000100000000000001 /* PBXContainerItemProxy */;
		};
		TD0000010000000000000001 /* PBXTargetDependency */ = {
			isa = PBXTargetDependency;
			target = A50000010000000000000001 /* MangaTranslator */;
			targetProxy = TC0000010000000000000001 /* PBXContainerItemProxy */;
		};
		PH5000000200000000000001 /* PBXTargetDependency */ = {
			isa = PBXTargetDependency;
			target = M50000010000000000000001 /* MangaTranslatorMLX */;
			targetProxy = PH4000000200000000000001 /* PBXContainerItemProxy */;
		};
		PH5000000200000000000002 /* PBXTargetDependency */ = {
			isa = PBXTargetDependency;
			target = M50000010000000000000001 /* MangaTranslatorMLX */;
			targetProxy = PH4000000200000000000002 /* PBXContainerItemProxy */;
		};
/* End PBXTargetDependency section */

/* Begin XCBuildConfiguration section */
		B10000010000000000000001 /* Debug */ = {
			isa = XCBuildConfiguration;
			buildSettings = {
				ALWAYS_SEARCH_USER_PATHS = NO;
				ASSETCATALOG_COMPILER_GENERATE_SWIFT_ASSET_SYMBOL_EXTENSIONS = YES;
				CLANG_ANALYZER_NONNULL = YES;
				CLANG_ANALYZER_NUMBER_OBJECT_CONVERSION = YES_AGGRESSIVE;
				CLANG_CXX_LANGUAGE_STANDARD = "gnu++20";
				CLANG_ENABLE_MODULES = YES;
				CLANG_ENABLE_OBJC_ARC = YES;
				CLANG_ENABLE_OBJC_WEAK = YES;
				CLANG_WARN_BLOCK_CAPTURE_AUTORELEASING = YES;
				CLANG_WARN_BOOL_CONVERSION = YES;
				CLANG_WARN_COMMA = YES;
				CLANG_WARN_CONSTANT_CONVERSION = YES;
				CLANG_WARN_DEPRECATED_OBJC_IMPLEMENTATIONS = YES;
				CLANG_WARN_DIRECT_OBJC_ISA_USAGE = YES_ERROR;
				CLANG_WARN_DOCUMENTATION_COMMENTS = YES;
				CLANG_WARN_EMPTY_BODY = YES;
				CLANG_WARN_ENUM_CONVERSION = YES;
				CLANG_WARN_INFINITE_RECURSION = YES;
				CLANG_WARN_INT_CONVERSION = YES;
				CLANG_WARN_NON_LITERAL_NULL_CONVERSION = YES;
				CLANG_WARN_OBJC_IMPLICIT_RETAIN_SELF = YES;
				CLANG_WARN_OBJC_LITERAL_CONVERSION = YES;
				CLANG_WARN_OBJC_ROOT_CLASS = YES_ERROR;
				CLANG_WARN_QUOTED_INCLUDE_IN_FRAMEWORK_HEADER = YES;
				CLANG_WARN_RANGE_LOOP_ANALYSIS = YES;
				CLANG_WARN_STRICT_PROTOTYPES = YES;
				CLANG_WARN_SUSPICIOUS_MOVE = YES;
				CLANG_WARN_UNGUARDED_AVAILABILITY = YES_AGGRESSIVE;
				CLANG_WARN_UNREACHABLE_CODE = YES;
				CLANG_WARN__DUPLICATE_METHOD_MATCH = YES;
				COPY_PHASE_STRIP = NO;
				DEBUG_INFORMATION_FORMAT = dwarf;
				ENABLE_STRICT_OBJC_MSGSEND = YES;
				ENABLE_TESTABILITY = YES;
				ENABLE_USER_SCRIPT_SANDBOXING = YES;
				GCC_C_LANGUAGE_STANDARD = gnu17;
				GCC_DYNAMIC_NO_PIC = NO;
				GCC_NO_COMMON_BLOCKS = YES;
				GCC_OPTIMIZATION_LEVEL = 0;
				GCC_PREPROCESSOR_DEFINITIONS = (
					"DEBUG=1",
					"$(inherited)",
				);
				GCC_WARN_64_TO_32_BIT_CONVERSION = YES;
				GCC_WARN_ABOUT_RETURN_TYPE = YES_ERROR;
				GCC_WARN_UNDECLARED_SELECTOR = YES;
				GCC_WARN_UNINITIALIZED_AUTOS = YES_AGGRESSIVE;
				GCC_WARN_UNUSED_FUNCTION = YES;
				GCC_WARN_UNUSED_VARIABLE = YES;
				MACOSX_DEPLOYMENT_TARGET = 15.0;
				MTL_ENABLE_DEBUG_INFO = INCLUDE_SOURCE;
				MTL_FAST_MATH = YES;
				ONLY_ACTIVE_ARCH = YES;
				SDKROOT = macosx;
				SWIFT_ACTIVE_COMPILATION_CONDITIONS = "DEBUG $(inherited)";
				SWIFT_ENABLE_EXPLICIT_MODULES = NO;
				SWIFT_OPTIMIZATION_LEVEL = "-Onone";
			};
			name = Debug;
		};
		B10000010000000000000002 /* Release */ = {
			isa = XCBuildConfiguration;
			buildSettings = {
				ALWAYS_SEARCH_USER_PATHS = NO;
				ASSETCATALOG_COMPILER_GENERATE_SWIFT_ASSET_SYMBOL_EXTENSIONS = YES;
				CLANG_ANALYZER_NONNULL = YES;
				CLANG_ANALYZER_NUMBER_OBJECT_CONVERSION = YES_AGGRESSIVE;
				CLANG_CXX_LANGUAGE_STANDARD = "gnu++20";
				CLANG_ENABLE_MODULES = YES;
				CLANG_ENABLE_OBJC_ARC = YES;
				CLANG_ENABLE_OBJC_WEAK = YES;
				CLANG_WARN_BLOCK_CAPTURE_AUTORELEASING = YES;
				CLANG_WARN_BOOL_CONVERSION = YES;
				CLANG_WARN_COMMA = YES;
				CLANG_WARN_CONSTANT_CONVERSION = YES;
				CLANG_WARN_DEPRECATED_OBJC_IMPLEMENTATIONS = YES;
				CLANG_WARN_DIRECT_OBJC_ISA_USAGE = YES_ERROR;
				CLANG_WARN_DOCUMENTATION_COMMENTS = YES;
				CLANG_WARN_EMPTY_BODY = YES;
				CLANG_WARN_ENUM_CONVERSION = YES;
				CLANG_WARN_INFINITE_RECURSION = YES;
				CLANG_WARN_INT_CONVERSION = YES;
				CLANG_WARN_NON_LITERAL_NULL_CONVERSION = YES;
				CLANG_WARN_OBJC_IMPLICIT_RETAIN_SELF = YES;
				CLANG_WARN_OBJC_LITERAL_CONVERSION = YES;
				CLANG_WARN_OBJC_ROOT_CLASS = YES_ERROR;
				CLANG_WARN_QUOTED_INCLUDE_IN_FRAMEWORK_HEADER = YES;
				CLANG_WARN_RANGE_LOOP_ANALYSIS = YES;
				CLANG_WARN_STRICT_PROTOTYPES = YES;
				CLANG_WARN_SUSPICIOUS_MOVE = YES;
				CLANG_WARN_UNGUARDED_AVAILABILITY = YES_AGGRESSIVE;
				CLANG_WARN_UNREACHABLE_CODE = YES;
				CLANG_WARN__DUPLICATE_METHOD_MATCH = YES;
				COPY_PHASE_STRIP = NO;
				DEBUG_INFORMATION_FORMAT = "dwarf-with-dsym";
				ENABLE_NS_ASSERTIONS = NO;
				ENABLE_STRICT_OBJC_MSGSEND = YES;
				ENABLE_USER_SCRIPT_SANDBOXING = YES;
				GCC_C_LANGUAGE_STANDARD = gnu17;
				GCC_NO_COMMON_BLOCKS = YES;
				GCC_WARN_64_TO_32_BIT_CONVERSION = YES;
				GCC_WARN_ABOUT_RETURN_TYPE = YES_ERROR;
				GCC_WARN_UNDECLARED_SELECTOR = YES;
				GCC_WARN_UNINITIALIZED_AUTOS = YES_AGGRESSIVE;
				GCC_WARN_UNUSED_FUNCTION = YES;
				GCC_WARN_UNUSED_VARIABLE = YES;
				MACOSX_DEPLOYMENT_TARGET = 15.0;
				MTL_ENABLE_DEBUG_INFO = NO;
				MTL_FAST_MATH = YES;
				ONLY_ACTIVE_ARCH = NO;
				SDKROOT = macosx;
				SWIFT_COMPILATION_MODE = wholemodule;
				SWIFT_ENABLE_EXPLICIT_MODULES = NO;
			};
			name = Release;
		};
		B10000010000000000000003 /* Debug */ = {
			isa = XCBuildConfiguration;
			buildSettings = {
				ASSETCATALOG_COMPILER_APPICON_NAME = AppIcon;
				ASSETCATALOG_COMPILER_GLOBAL_ACCENT_COLOR_NAME = AccentColor;
				CODE_SIGN_ENTITLEMENTS = MangaTranslator/MangaTranslator.entitlements;
				CODE_SIGN_STYLE = Automatic;
				COMBINE_HIDPI_IMAGES = YES;
				CURRENT_PROJECT_VERSION = 1;
				DEVELOPMENT_TEAM = 7QRQ8AK4AU;
				ENABLE_HARDENED_RUNTIME = YES;
				GENERATE_INFOPLIST_FILE = YES;
				INFOPLIST_FILE = MangaTranslator/Info.plist;
				INFOPLIST_KEY_LSApplicationCategoryType = "public.app-category.utilities";
				INFOPLIST_KEY_NSHumanReadableCopyright = "Copyright © 2026 kevinxo328. All rights reserved.";
				LD_RUNPATH_SEARCH_PATHS = (
					"$(inherited)",
					"@executable_path/../Frameworks",
				);
				MARKETING_VERSION = 1.0.0;
				PRODUCT_BUNDLE_IDENTIFIER = com.chunweiliu.MangaTranslator;
				PRODUCT_NAME = "$(TARGET_NAME)";
				SWIFT_EMIT_LOC_STRINGS = YES;
				SWIFT_VERSION = 5.0;
			};
			name = Debug;
		};
		B10000010000000000000004 /* Release */ = {
			isa = XCBuildConfiguration;
			buildSettings = {
				ASSETCATALOG_COMPILER_APPICON_NAME = AppIcon;
				ASSETCATALOG_COMPILER_GLOBAL_ACCENT_COLOR_NAME = AccentColor;
				CODE_SIGN_ENTITLEMENTS = MangaTranslator/MangaTranslator.entitlements;
				CODE_SIGN_STYLE = Automatic;
				COMBINE_HIDPI_IMAGES = YES;
				CURRENT_PROJECT_VERSION = 1;
				DEVELOPMENT_TEAM = 7QRQ8AK4AU;
				ENABLE_HARDENED_RUNTIME = YES;
				GENERATE_INFOPLIST_FILE = YES;
				INFOPLIST_FILE = MangaTranslator/Info.plist;
				INFOPLIST_KEY_LSApplicationCategoryType = "public.app-category.utilities";
				INFOPLIST_KEY_NSHumanReadableCopyright = "Copyright © 2026 kevinxo328. All rights reserved.";
				LD_RUNPATH_SEARCH_PATHS = (
					"$(inherited)",
					"@executable_path/../Frameworks",
				);
				MARKETING_VERSION = 1.0.0;
				PRODUCT_BUNDLE_IDENTIFIER = com.chunweiliu.MangaTranslator;
				PRODUCT_NAME = "$(TARGET_NAME)";
				SWIFT_COMPILATION_MODE = wholemodule;
				SWIFT_EMIT_LOC_STRINGS = YES;
				SWIFT_OPTIMIZATION_LEVEL = "-O";
				SWIFT_VERSION = 5.0;
			};
			name = Release;
		};
		MB0000010000000000000001 /* Debug */ = {
			isa = XCBuildConfiguration;
			buildSettings = {
				ARCHS = arm64;
				CODE_SIGN_STYLE = Automatic;
				CURRENT_PROJECT_VERSION = 1;
				DEFINES_MODULE = YES;
				DEVELOPMENT_TEAM = 7QRQ8AK4AU;
				DYLIB_COMPATIBILITY_VERSION = 1;
				DYLIB_CURRENT_VERSION = 1;
				DYLIB_INSTALL_NAME_BASE = "@rpath";
				GENERATE_INFOPLIST_FILE = YES;
				INSTALL_PATH = "$(LOCAL_LIBRARY_DIR)/Frameworks";
				MACOSX_DEPLOYMENT_TARGET = 15.0;
				PRODUCT_BUNDLE_IDENTIFIER = com.chunweiliu.MangaTranslatorMLX;
				PRODUCT_NAME = "$(TARGET_NAME)";
				SDKROOT = macosx;
				SKIP_INSTALL = YES;
				SWIFT_EMIT_LOC_STRINGS = YES;
				SWIFT_VERSION = 5.0;
				VERSIONING_SYSTEM = "apple-generic";
				VERSION_INFO_PREFIX = "";
			};
			name = Debug;
		};
		MB0000010000000000000002 /* Release */ = {
			isa = XCBuildConfiguration;
			buildSettings = {
				ARCHS = arm64;
				CODE_SIGN_STYLE = Automatic;
				CURRENT_PROJECT_VERSION = 1;
				DEFINES_MODULE = YES;
				DEVELOPMENT_TEAM = 7QRQ8AK4AU;
				DYLIB_COMPATIBILITY_VERSION = 1;
				DYLIB_CURRENT_VERSION = 1;
				DYLIB_INSTALL_NAME_BASE = "@rpath";
				GENERATE_INFOPLIST_FILE = YES;
				INSTALL_PATH = "$(LOCAL_LIBRARY_DIR)/Frameworks";
				MACOSX_DEPLOYMENT_TARGET = 15.0;
				PRODUCT_BUNDLE_IDENTIFIER = com.chunweiliu.MangaTranslatorMLX;
				PRODUCT_NAME = "$(TARGET_NAME)";
				SDKROOT = macosx;
				SKIP_INSTALL = YES;
				SWIFT_COMPILATION_MODE = wholemodule;
				SWIFT_EMIT_LOC_STRINGS = YES;
				SWIFT_OPTIMIZATION_LEVEL = "-O";
				SWIFT_VERSION = 5.0;
				VERSIONING_SYSTEM = "apple-generic";
				VERSION_INFO_PREFIX = "";
			};
			name = Release;
		};
		BKB000000100000000000001 /* Debug */ = {
			isa = XCBuildConfiguration;
			buildSettings = {
				BUNDLE_LOADER = "$(TEST_HOST)";
				CODE_SIGN_STYLE = Automatic;
				CURRENT_PROJECT_VERSION = 1;
				DEVELOPMENT_TEAM = 7QRQ8AK4AU;
				GENERATE_INFOPLIST_FILE = YES;
				MACOSX_DEPLOYMENT_TARGET = 15.0;
				PRODUCT_BUNDLE_IDENTIFIER = com.chunweiliu.OCRBenchmarkTests;
				PRODUCT_NAME = "$(TARGET_NAME)";
				SDKROOT = macosx;
				SWIFT_VERSION = 5.0;
				TEST_HOST = "$(BUILT_PRODUCTS_DIR)/MangaTranslator.app/Contents/MacOS/MangaTranslator";
			};
			name = Debug;
		};
		BKB000000100000000000002 /* Release */ = {
			isa = XCBuildConfiguration;
			buildSettings = {
				BUNDLE_LOADER = "$(TEST_HOST)";
				CODE_SIGN_STYLE = Automatic;
				CURRENT_PROJECT_VERSION = 1;
				DEVELOPMENT_TEAM = 7QRQ8AK4AU;
				GENERATE_INFOPLIST_FILE = YES;
				MACOSX_DEPLOYMENT_TARGET = 15.0;
				PRODUCT_BUNDLE_IDENTIFIER = com.chunweiliu.OCRBenchmarkTests;
				PRODUCT_NAME = "$(TARGET_NAME)";
				SDKROOT = macosx;
				SWIFT_VERSION = 5.0;
				TEST_HOST = "$(BUILT_PRODUCTS_DIR)/MangaTranslator.app/Contents/MacOS/MangaTranslator";
			};
			name = Release;
		};
		TB0000010000000000000001 /* Debug */ = {
			isa = XCBuildConfiguration;
			buildSettings = {
				BUNDLE_LOADER = "$(TEST_HOST)";
				CODE_SIGN_STYLE = Automatic;
				CURRENT_PROJECT_VERSION = 1;
				DEVELOPMENT_TEAM = 7QRQ8AK4AU;
				GENERATE_INFOPLIST_FILE = YES;
				MACOSX_DEPLOYMENT_TARGET = 15.0;
				PRODUCT_BUNDLE_IDENTIFIER = com.chunweiliu.MangaTranslatorTests;
				PRODUCT_NAME = "$(TARGET_NAME)";
				SDKROOT = macosx;
				SWIFT_VERSION = 5.0;
				TEST_HOST = "$(BUILT_PRODUCTS_DIR)/MangaTranslator.app/Contents/MacOS/MangaTranslator";
			};
			name = Debug;
		};
		TB0000010000000000000002 /* Release */ = {
			isa = XCBuildConfiguration;
			buildSettings = {
				BUNDLE_LOADER = "$(TEST_HOST)";
				CODE_SIGN_STYLE = Automatic;
				CURRENT_PROJECT_VERSION = 1;
				DEVELOPMENT_TEAM = 7QRQ8AK4AU;
				GENERATE_INFOPLIST_FILE = YES;
				MACOSX_DEPLOYMENT_TARGET = 15.0;
				PRODUCT_BUNDLE_IDENTIFIER = com.chunweiliu.MangaTranslatorTests;
				PRODUCT_NAME = "$(TARGET_NAME)";
				SDKROOT = macosx;
				SWIFT_VERSION = 5.0;
				TEST_HOST = "$(BUILT_PRODUCTS_DIR)/MangaTranslator.app/Contents/MacOS/MangaTranslator";
			};
			name = Release;
		};
/* End XCBuildConfiguration section */

/* Begin XCConfigurationList section */
		A70000010000000000000001 /* Build configuration list for PBXProject "MangaTranslator" */ = {
			isa = XCConfigurationList;
			buildConfigurations = (
				B10000010000000000000001 /* Debug */,
				B10000010000000000000002 /* Release */,
			);
			defaultConfigurationIsVisible = 0;
			defaultConfigurationName = Release;
		};
		A70000010000000000000003 /* Build configuration list for PBXNativeTarget "MangaTranslator" */ = {
			isa = XCConfigurationList;
			buildConfigurations = (
				B10000010000000000000003 /* Debug */,
				B10000010000000000000004 /* Release */,
			);
			defaultConfigurationIsVisible = 0;
			defaultConfigurationName = Release;
		};
		MA0000010000000000000001 /* Build configuration list for PBXNativeTarget "MangaTranslatorMLX" */ = {
			isa = XCConfigurationList;
			buildConfigurations = (
				MB0000010000000000000001 /* Debug */,
				MB0000010000000000000002 /* Release */,
			);
			defaultConfigurationIsVisible = 0;
			defaultConfigurationName = Release;
		};
		BKA000000100000000000001 /* Build configuration list for PBXNativeTarget "OCRBenchmarkTests" */ = {
			isa = XCConfigurationList;
			buildConfigurations = (
				BKB000000100000000000001 /* Debug */,
				BKB000000100000000000002 /* Release */,
			);
			defaultConfigurationIsVisible = 0;
			defaultConfigurationName = Release;
		};
		TA0000010000000000000001 /* Build configuration list for PBXNativeTarget "MangaTranslatorTests" */ = {
			isa = XCConfigurationList;
			buildConfigurations = (
				TB0000010000000000000001 /* Debug */,
				TB0000010000000000000002 /* Release */,
			);
			defaultConfigurationIsVisible = 0;
			defaultConfigurationName = Release;
		};
/* End XCConfigurationList section */

/* Begin XCRemoteSwiftPackageReference section */
		C10000010000000000000002 /* XCRemoteSwiftPackageReference "onnxruntime-swift-package-manager" */ = {
			isa = XCRemoteSwiftPackageReference;
			repositoryURL = "https://github.com/microsoft/onnxruntime-swift-package-manager";
			requirement = {
				kind = exactVersion;
				version = 1.20.0;
			};
		};
		E10000010000000000000003 /* XCRemoteSwiftPackageReference "Sparkle" */ = {
			isa = XCRemoteSwiftPackageReference;
			repositoryURL = "https://github.com/sparkle-project/Sparkle";
			requirement = {
				kind = upToNextMajorVersion;
				minimumVersion = 2.6.0;
			};
		};
		ML0000010000000000000001 /* XCRemoteSwiftPackageReference "mlx-swift" */ = {
			isa = XCRemoteSwiftPackageReference;
			repositoryURL = "https://github.com/ml-explore/mlx-swift";
			requirement = {
				kind = upToNextMajorVersion;
				minimumVersion = 0.29.1;
			};
		};
		PV0000010000000000000001 /* XCRemoteSwiftPackageReference "paddleocr-vl.swift" */ = {
			isa = XCRemoteSwiftPackageReference;
			repositoryURL = "https://github.com/mlx-community/paddleocr-vl.swift";
			requirement = {
				branch = master;
				kind = branch;
			};
		};
		SN0000010000000000000001 /* XCRemoteSwiftPackageReference "swift-numerics" */ = {
			isa = XCRemoteSwiftPackageReference;
			repositoryURL = "https://github.com/apple/swift-numerics";
			requirement = {
				kind = upToNextMajorVersion;
				minimumVersion = 1.0.0;
			};
		};
/* End XCRemoteSwiftPackageReference section */

/* Begin XCSwiftPackageProductDependency section */
		C10000010000000000000001 /* onnxruntime */ = {
			isa = XCSwiftPackageProductDependency;
			package = C10000010000000000000002 /* XCRemoteSwiftPackageReference "onnxruntime-swift-package-manager" */;
			productName = onnxruntime;
		};
		E10000010000000000000002 /* Sparkle */ = {
			isa = XCSwiftPackageProductDependency;
			package = E10000010000000000000003 /* XCRemoteSwiftPackageReference "Sparkle" */;
			productName = Sparkle;
		};
		ML0000010000000000000002 /* MLX */ = {
			isa = XCSwiftPackageProductDependency;
			package = ML0000010000000000000001 /* XCRemoteSwiftPackageReference "mlx-swift" */;
			productName = MLX;
		};
		ML0000010000000000000003 /* MLXNN */ = {
			isa = XCSwiftPackageProductDependency;
			package = ML0000010000000000000001 /* XCRemoteSwiftPackageReference "mlx-swift" */;
			productName = MLXNN;
		};
		PV0000010000000000000002 /* PaddleOCRVL */ = {
			isa = XCSwiftPackageProductDependency;
			package = PV0000010000000000000001 /* XCRemoteSwiftPackageReference "paddleocr-vl.swift" */;
			productName = PaddleOCRVL;
		};
/* End XCSwiftPackageProductDependency section */
	};
	rootObject = A90000010000000000000001 /* Project object */;
}
