{
  "originHash" : "d9229a3c261f3b47bd330110260d9bcc00436b8174bd3ecedd0a4a97eb34c9c0",
  "pins" : [
    {
      "identity" : "mlx-swift",
      "kind" : "remoteSourceControl",
      "location" : "https://github.com/ml-explore/mlx-swift",
      "state" : {
        "revision" : "70dbb62128a5a1471a5ab80363430adb33470cab",
        "version" : "0.21.2"
      }
    },
    {
      "identity" : "onnxruntime-swift-package-manager",
      "kind" : "remoteSourceControl",
      "location" : "https://github.com/microsoft/onnxruntime-swift-package-manager",
      "state" : {
        "revision" : "12ce7374c86944e1f68f3a866d10105d8357f074",
        "version" : "1.20.0"
      }
    },
    {
      "identity" : "sparkle",
      "kind" : "remoteSourceControl",
      "location" : "https://github.com/sparkle-project/Sparkle",
      "state" : {
        "revision" : "5581748cef2bae787496fe6d61139aebe0a451f6",
        "version" : "2.8.1"
      }
    },
    {
      "identity" : "swift-numerics",
      "kind" : "remoteSourceControl",
      "location" : "https://github.com/apple/swift-numerics",
      "state" : {
        "revision" : "0c0290ff6b24942dadb83a929ffaaa1481df04a2",
        "version" : "1.1.1"
      }
    }
  ],
  "version" : 3
}
